// !$*UTF8*$!
{
	archiveVersion = 1;
	classes = {
	};
	objectVersion = 56;
	objects = {

/* Begin PBXBuildFile section */
		DB019AB52CAA08D500C02FA9 /* CW_Feature.swift in Sources */ = {isa = PBXBuildFile; fileRef = DBD0BE852C8751940058FF39 /* CW_Feature.swift */; };
		DB019ABD2CAA0B3300C02FA9 /* WS_View.swift in Sources */ = {isa = PBXBuildFile; fileRef = DB019ABC2CAA0B3300C02FA9 /* WS_View.swift */; };
		DB019AC12CAA0B5B00C02FA9 /* CW_View.swift in Sources */ = {isa = PBXBuildFile; fileRef = DB019AC02CAA0B5B00C02FA9 /* CW_View.swift */; };
		DB019AC42CAA0BA800C02FA9 /* WP_View.swift in Sources */ = {isa = PBXBuildFile; fileRef = DB019AC32CAA0BA800C02FA9 /* WP_View.swift */; };
		DB019AC72CAA0C1A00C02FA9 /* PW_View.swift in Sources */ = {isa = PBXBuildFile; fileRef = DB019AC62CAA0C1A00C02FA9 /* PW_View.swift */; };
		DB019ACA2CAA0C5A00C02FA9 /* WC_View.swift in Sources */ = {isa = PBXBuildFile; fileRef = DB019AC92CAA0C5A00C02FA9 /* WC_View.swift */; };
		DB019AD42CAAB65400C02FA9 /* EW_View.swift in Sources */ = {isa = PBXBuildFile; fileRef = DB019AD32CAAB65400C02FA9 /* EW_View.swift */; };
		DB019ADA2CAAB67E00C02FA9 /* EI_View.swift in Sources */ = {isa = PBXBuildFile; fileRef = DB019AD92CAAB67E00C02FA9 /* EI_View.swift */; };
		DB019ADC2CAAB68B00C02FA9 /* H_View.swift in Sources */ = {isa = PBXBuildFile; fileRef = DB019ADB2CAAB68B00C02FA9 /* H_View.swift */; };
		DB019ADE2CAAB69500C02FA9 /* DI_View.swift in Sources */ = {isa = PBXBuildFile; fileRef = DB019ADD2CAAB69500C02FA9 /* DI_View.swift */; };
		DB019AE02CAAB6A000C02FA9 /* AI_View.swift in Sources */ = {isa = PBXBuildFile; fileRef = DB019ADF2CAAB6A000C02FA9 /* AI_View.swift */; };
		DB019AE22CAAB6AC00C02FA9 /* WCr_View.swift in Sources */ = {isa = PBXBuildFile; fileRef = DB019AE12CAAB6AC00C02FA9 /* WCr_View.swift */; };
		DB019AE32CAAB87600C02FA9 /* WCr_Feature.swift in Sources */ = {isa = PBXBuildFile; fileRef = DBD0BE8B2C8810D90058FF39 /* WCr_Feature.swift */; };
		DB019AE42CAAB88A00C02FA9 /* AI_Feature.swift in Sources */ = {isa = PBXBuildFile; fileRef = DBA02F3D2C8CCCF1001C7661 /* AI_Feature.swift */; };
		DB019AE52CAAB88D00C02FA9 /* DI_Feature.swift in Sources */ = {isa = PBXBuildFile; fileRef = DBA02F452C8D670C001C7661 /* DI_Feature.swift */; };
		DB019AE62CAAB89300C02FA9 /* EI_Feature.swift in Sources */ = {isa = PBXBuildFile; fileRef = DBA02F432C8D20FB001C7661 /* EI_Feature.swift */; };
		DB3CAB6D2CA7B71000300322 /* ComposableArchitecture in Frameworks */ = {isa = PBXBuildFile; productRef = DB3CAB6C2CA7B71000300322 /* ComposableArchitecture */; };
		DB3CAB742CA8C5CB00300322 /* WatchConnectivity.swift in Sources */ = {isa = PBXBuildFile; fileRef = DB3CAB732CA8C5CB00300322 /* WatchConnectivity.swift */; };
		DB3CAB752CA8CD2100300322 /* WatchConnectivity.swift in Sources */ = {isa = PBXBuildFile; fileRef = DB3CAB732CA8C5CB00300322 /* WatchConnectivity.swift */; };
		DB3CAB772CA8E79700300322 /* HeathKit.swift in Sources */ = {isa = PBXBuildFile; fileRef = DB3CAB762CA8E79700300322 /* HeathKit.swift */; };
		DB3CAB782CA8E79700300322 /* HeathKit.swift in Sources */ = {isa = PBXBuildFile; fileRef = DB3CAB762CA8E79700300322 /* HeathKit.swift */; };
		DB3CAB7B2CA9EB3D00300322 /* CloudKit.swift in Sources */ = {isa = PBXBuildFile; fileRef = DB3CAB7A2CA9EB3D00300322 /* CloudKit.swift */; };
		DB3CAB7C2CA9EB3D00300322 /* CloudKit.swift in Sources */ = {isa = PBXBuildFile; fileRef = DB3CAB7A2CA9EB3D00300322 /* CloudKit.swift */; };
		DB3CAB7D2CA9ECEF00300322 /* PW_Feature.swift in Sources */ = {isa = PBXBuildFile; fileRef = DBA02F472C8DDE73001C7661 /* PW_Feature.swift */; };
		DB3CAB7E2CA9ED0B00300322 /* WP_Feature.swift in Sources */ = {isa = PBXBuildFile; fileRef = DBD0BE872C8752440058FF39 /* WP_Feature.swift */; };
		DB3CAB812CA9F10300300322 /* MusicKit.swift in Sources */ = {isa = PBXBuildFile; fileRef = DB3CAB802CA9F10300300322 /* MusicKit.swift */; };
		DB3CAB892CA9F25B00300322 /* MusicPlayer.swift in Sources */ = {isa = PBXBuildFile; fileRef = DBA02F4F2C913723001C7661 /* MusicPlayer.swift */; };
		DB3CAB8B2CA9F26300300322 /* MusicKit.swift in Sources */ = {isa = PBXBuildFile; fileRef = DB3CAB802CA9F10300300322 /* MusicKit.swift */; };
		DB3CAB8D2CA9F26A00300322 /* WC_Feature.swift in Sources */ = {isa = PBXBuildFile; fileRef = DBA02F4D2C908B21001C7661 /* WC_Feature.swift */; };
		DB3CAB8E2CA9F26F00300322 /* Utilities.swift in Sources */ = {isa = PBXBuildFile; fileRef = DBD0BE892C8752630058FF39 /* Utilities.swift */; };
		DB3CAB8F2CA9F27400300322 /* EW_Feature.swift in Sources */ = {isa = PBXBuildFile; fileRef = DBA02F4B2C8FD7C2001C7661 /* EW_Feature.swift */; };
		DB9E73012CA7AFBA00B2981F /* Interval_Trainer_WatchApp.swift in Sources */ = {isa = PBXBuildFile; fileRef = DB9E73002CA7AFBA00B2981F /* Interval_Trainer_WatchApp.swift */; };
		DB9E73032CA7AFBA00B2981F /* ContentView.swift in Sources */ = {isa = PBXBuildFile; fileRef = DB9E73022CA7AFBA00B2981F /* ContentView.swift */; };
		DB9E73052CA7AFBA00B2981F /* Assets.xcassets in Resources */ = {isa = PBXBuildFile; fileRef = DB9E73042CA7AFBA00B2981F /* Assets.xcassets */; };
		DB9E73082CA7AFBA00B2981F /* Preview Assets.xcassets in Resources */ = {isa = PBXBuildFile; fileRef = DB9E73072CA7AFBA00B2981F /* Preview Assets.xcassets */; };
		DB9E73122CA7AFBA00B2981F /* Interval_Trainer_Watch_Watch_AppTests.swift in Sources */ = {isa = PBXBuildFile; fileRef = DB9E73112CA7AFBA00B2981F /* Interval_Trainer_Watch_Watch_AppTests.swift */; };
		DB9E731C2CA7AFBB00B2981F /* Interval_Trainer_Watch_Watch_AppUITests.swift in Sources */ = {isa = PBXBuildFile; fileRef = DB9E731B2CA7AFBB00B2981F /* Interval_Trainer_Watch_Watch_AppUITests.swift */; };
		DB9E731E2CA7AFBB00B2981F /* Interval_Trainer_Watch_Watch_AppUITestsLaunchTests.swift in Sources */ = {isa = PBXBuildFile; fileRef = DB9E731D2CA7AFBB00B2981F /* Interval_Trainer_Watch_Watch_AppUITestsLaunchTests.swift */; };
		DB9E73222CA7AFBB00B2981F /* Interval Trainer Watch Watch App.app in Embed Watch Content */ = {isa = PBXBuildFile; fileRef = DB9E72FE2CA7AFBA00B2981F /* Interval Trainer Watch Watch App.app */; settings = {ATTRIBUTES = (RemoveHeadersOnCopy, ); }; };
		DB9E732F2CA7B04600B2981F /* Watch_WorkoutPlans.swift in Sources */ = {isa = PBXBuildFile; fileRef = DB9E732C2CA7B04600B2981F /* Watch_WorkoutPlans.swift */; };
		DB9E73302CA7B04600B2981F /* Watch_PerformWorkout.swift in Sources */ = {isa = PBXBuildFile; fileRef = DB9E732D2CA7B04600B2981F /* Watch_PerformWorkout.swift */; };
		DBA02F3C2C8BEC33001C7661 /* Launch Screen.storyboard in Resources */ = {isa = PBXBuildFile; fileRef = DBA02F3B2C8BEC33001C7661 /* Launch Screen.storyboard */; };
		DBA02F3E2C8CCCF1001C7661 /* AI_Feature.swift in Sources */ = {isa = PBXBuildFile; fileRef = DBA02F3D2C8CCCF1001C7661 /* AI_Feature.swift */; };
		DBA02F442C8D20FB001C7661 /* EI_Feature.swift in Sources */ = {isa = PBXBuildFile; fileRef = DBA02F432C8D20FB001C7661 /* EI_Feature.swift */; };
		DBA02F462C8D670C001C7661 /* DI_Feature.swift in Sources */ = {isa = PBXBuildFile; fileRef = DBA02F452C8D670C001C7661 /* DI_Feature.swift */; };
		DBA02F482C8DDE73001C7661 /* PW_Feature.swift in Sources */ = {isa = PBXBuildFile; fileRef = DBA02F472C8DDE73001C7661 /* PW_Feature.swift */; };
		DBA02F4C2C8FD7C2001C7661 /* EW_Feature.swift in Sources */ = {isa = PBXBuildFile; fileRef = DBA02F4B2C8FD7C2001C7661 /* EW_Feature.swift */; };
		DBA02F4E2C908B21001C7661 /* WC_Feature.swift in Sources */ = {isa = PBXBuildFile; fileRef = DBA02F4D2C908B21001C7661 /* WC_Feature.swift */; };
		DBA02F502C913723001C7661 /* MusicPlayer.swift in Sources */ = {isa = PBXBuildFile; fileRef = DBA02F4F2C913723001C7661 /* MusicPlayer.swift */; };
		DBAC874E2CC02CDC00D234DA /* IntervalRow.swift in Sources */ = {isa = PBXBuildFile; fileRef = DBAC874C2CC02CDC00D234DA /* IntervalRow.swift */; };
		DBAC874F2CC02CDC00D234DA /* DurationPicker.swift in Sources */ = {isa = PBXBuildFile; fileRef = DBAC874D2CC02CDC00D234DA /* DurationPicker.swift */; };
		DBADCEDD2C82C81F00E2AD15 /* Interval_TrainerApp.swift in Sources */ = {isa = PBXBuildFile; fileRef = DBADCEDC2C82C81F00E2AD15 /* Interval_TrainerApp.swift */; };
		DBADCEE12C82C82100E2AD15 /* Assets.xcassets in Resources */ = {isa = PBXBuildFile; fileRef = DBADCEE02C82C82100E2AD15 /* Assets.xcassets */; };
		DBADCEE42C82C82100E2AD15 /* Preview Assets.xcassets in Resources */ = {isa = PBXBuildFile; fileRef = DBADCEE32C82C82100E2AD15 /* Preview Assets.xcassets */; };
		DBADCEEF2C82C82100E2AD15 /* Interval_TrainerTests.swift in Sources */ = {isa = PBXBuildFile; fileRef = DBADCEEE2C82C82100E2AD15 /* Interval_TrainerTests.swift */; };
		DBADCEF92C82C82100E2AD15 /* Interval_TrainerUITests.swift in Sources */ = {isa = PBXBuildFile; fileRef = DBADCEF82C82C82100E2AD15 /* Interval_TrainerUITests.swift */; };
		DBADCEFB2C82C82100E2AD15 /* Interval_TrainerUITestsLaunchTests.swift in Sources */ = {isa = PBXBuildFile; fileRef = DBADCEFA2C82C82100E2AD15 /* Interval_TrainerUITestsLaunchTests.swift */; };
		DBC240262CAB51A400E62E5F /* WS_Feature.swift in Sources */ = {isa = PBXBuildFile; fileRef = DBD0BE832C87515A0058FF39 /* WS_Feature.swift */; };
		DBC240292CAC495500E62E5F /* Watch_WorkoutComplete.swift in Sources */ = {isa = PBXBuildFile; fileRef = DBC240282CAC495500E62E5F /* Watch_WorkoutComplete.swift */; };
		DBC2402B2CACD73B00E62E5F /* CalendarClient.swift in Sources */ = {isa = PBXBuildFile; fileRef = DBC2402A2CACD73B00E62E5F /* CalendarClient.swift */; };
		DBC2402C2CACD73B00E62E5F /* CalendarClient.swift in Sources */ = {isa = PBXBuildFile; fileRef = DBC2402A2CACD73B00E62E5F /* CalendarClient.swift */; };
		DBC2402F2CADCEB500E62E5F /* ACW_Feature.swift in Sources */ = {isa = PBXBuildFile; fileRef = DBC2402D2CADCEB500E62E5F /* ACW_Feature.swift */; };
		DBC240302CADCEB500E62E5F /* ACW_Feature.swift in Sources */ = {isa = PBXBuildFile; fileRef = DBC2402D2CADCEB500E62E5F /* ACW_Feature.swift */; };
		DBC240312CADCEB500E62E5F /* ACW_View.swift in Sources */ = {isa = PBXBuildFile; fileRef = DBC2402E2CADCEB500E62E5F /* ACW_View.swift */; };
		DBC240362CADDAF800E62E5F /* S_Feature.swift in Sources */ = {isa = PBXBuildFile; fileRef = DBC240342CADDAF800E62E5F /* S_Feature.swift */; };
		DBC240372CADDAF800E62E5F /* S_Feature.swift in Sources */ = {isa = PBXBuildFile; fileRef = DBC240342CADDAF800E62E5F /* S_Feature.swift */; };
		DBC240382CADDAF800E62E5F /* S_View.swift in Sources */ = {isa = PBXBuildFile; fileRef = DBC240352CADDAF800E62E5F /* S_View.swift */; };
		DBC2403C2CADDB3400E62E5F /* SubscriptionClient.swift in Sources */ = {isa = PBXBuildFile; fileRef = DBC2403B2CADDB3400E62E5F /* SubscriptionClient.swift */; };
		DBC2403D2CADDB3400E62E5F /* SubscriptionClient.swift in Sources */ = {isa = PBXBuildFile; fileRef = DBC2403B2CADDB3400E62E5F /* SubscriptionClient.swift */; };
		DBD0BE7C2C851D780058FF39 /* ComposableArchitecture in Frameworks */ = {isa = PBXBuildFile; productRef = DBD0BE7B2C851D780058FF39 /* ComposableArchitecture */; };
		DBD0BE7E2C8750CE0058FF39 /* AppFeature.swift in Sources */ = {isa = PBXBuildFile; fileRef = DBD0BE7D2C8750CE0058FF39 /* AppFeature.swift */; };
		DBD0BE822C87511E0058FF39 /* H_Feature.swift in Sources */ = {isa = PBXBuildFile; fileRef = DBD0BE812C87511E0058FF39 /* H_Feature.swift */; };
		DBD0BE842C87515A0058FF39 /* WS_Feature.swift in Sources */ = {isa = PBXBuildFile; fileRef = DBD0BE832C87515A0058FF39 /* WS_Feature.swift */; };
		DBD0BE862C8751940058FF39 /* CW_Feature.swift in Sources */ = {isa = PBXBuildFile; fileRef = DBD0BE852C8751940058FF39 /* CW_Feature.swift */; };
		DBD0BE882C8752440058FF39 /* WP_Feature.swift in Sources */ = {isa = PBXBuildFile; fileRef = DBD0BE872C8752440058FF39 /* WP_Feature.swift */; };
		DBD0BE8A2C8752630058FF39 /* Utilities.swift in Sources */ = {isa = PBXBuildFile; fileRef = DBD0BE892C8752630058FF39 /* Utilities.swift */; };
		DBD0BE8C2C8810D90058FF39 /* WCr_Feature.swift in Sources */ = {isa = PBXBuildFile; fileRef = DBD0BE8B2C8810D90058FF39 /* WCr_Feature.swift */; };
/* End PBXBuildFile section */

/* Begin PBXContainerItemProxy section */
		DB9E730E2CA7AFBA00B2981F /* PBXContainerItemProxy */ = {
			isa = PBXContainerItemProxy;
			containerPortal = DBADCED12C82C81F00E2AD15 /* Project object */;
			proxyType = 1;
			remoteGlobalIDString = DB9E72FD2CA7AFBA00B2981F;
			remoteInfo = "Interval Trainer Watch Watch App";
		};
		DB9E73182CA7AFBB00B2981F /* PBXContainerItemProxy */ = {
			isa = PBXContainerItemProxy;
			containerPortal = DBADCED12C82C81F00E2AD15 /* Project object */;
			proxyType = 1;
			remoteGlobalIDString = DB9E72FD2CA7AFBA00B2981F;
			remoteInfo = "Interval Trainer Watch Watch App";
		};
		DB9E731F2CA7AFBB00B2981F /* PBXContainerItemProxy */ = {
			isa = PBXContainerItemProxy;
			containerPortal = DBADCED12C82C81F00E2AD15 /* Project object */;
			proxyType = 1;
			remoteGlobalIDString = DB9E72FD2CA7AFBA00B2981F;
			remoteInfo = "Interval Trainer Watch Watch App";
		};
		DBADCEEB2C82C82100E2AD15 /* PBXContainerItemProxy */ = {
			isa = PBXContainerItemProxy;
			containerPortal = DBADCED12C82C81F00E2AD15 /* Project object */;
			proxyType = 1;
			remoteGlobalIDString = DBADCED82C82C81F00E2AD15;
			remoteInfo = "Interval Trainer";
		};
		DBADCEF52C82C82100E2AD15 /* PBXContainerItemProxy */ = {
			isa = PBXContainerItemProxy;
			containerPortal = DBADCED12C82C81F00E2AD15 /* Project object */;
			proxyType = 1;
			remoteGlobalIDString = DBADCED82C82C81F00E2AD15;
			remoteInfo = "Interval Trainer";
		};
/* End PBXContainerItemProxy section */

/* Begin PBXCopyFilesBuildPhase section */
		DB9E73212CA7AFBB00B2981F /* Embed Watch Content */ = {
			isa = PBXCopyFilesBuildPhase;
			buildActionMask = 2147483647;
			dstPath = "$(CONTENTS_FOLDER_PATH)/Watch";
			dstSubfolderSpec = 16;
			files = (
				DB9E73222CA7AFBB00B2981F /* Interval Trainer Watch Watch App.app in Embed Watch Content */,
			);
			name = "Embed Watch Content";
			runOnlyForDeploymentPostprocessing = 0;
		};
/* End PBXCopyFilesBuildPhase section */

/* Begin PBXFileReference section */
		DB019ABC2CAA0B3300C02FA9 /* WS_View.swift */ = {isa = PBXFileReference; lastKnownFileType = sourcecode.swift; path = WS_View.swift; sourceTree = "<group>"; };
		DB019AC02CAA0B5B00C02FA9 /* CW_View.swift */ = {isa = PBXFileReference; lastKnownFileType = sourcecode.swift; path = CW_View.swift; sourceTree = "<group>"; };
		DB019AC32CAA0BA800C02FA9 /* WP_View.swift */ = {isa = PBXFileReference; lastKnownFileType = sourcecode.swift; path = WP_View.swift; sourceTree = "<group>"; };
		DB019AC62CAA0C1A00C02FA9 /* PW_View.swift */ = {isa = PBXFileReference; lastKnownFileType = sourcecode.swift; path = PW_View.swift; sourceTree = "<group>"; };
		DB019AC92CAA0C5A00C02FA9 /* WC_View.swift */ = {isa = PBXFileReference; lastKnownFileType = sourcecode.swift; path = WC_View.swift; sourceTree = "<group>"; };
		DB019AD32CAAB65400C02FA9 /* EW_View.swift */ = {isa = PBXFileReference; lastKnownFileType = sourcecode.swift; path = EW_View.swift; sourceTree = "<group>"; };
		DB019AD92CAAB67E00C02FA9 /* EI_View.swift */ = {isa = PBXFileReference; lastKnownFileType = sourcecode.swift; path = EI_View.swift; sourceTree = "<group>"; };
		DB019ADB2CAAB68B00C02FA9 /* H_View.swift */ = {isa = PBXFileReference; lastKnownFileType = sourcecode.swift; path = H_View.swift; sourceTree = "<group>"; };
		DB019ADD2CAAB69500C02FA9 /* DI_View.swift */ = {isa = PBXFileReference; lastKnownFileType = sourcecode.swift; path = DI_View.swift; sourceTree = "<group>"; };
		DB019ADF2CAAB6A000C02FA9 /* AI_View.swift */ = {isa = PBXFileReference; lastKnownFileType = sourcecode.swift; path = AI_View.swift; sourceTree = "<group>"; };
		DB019AE12CAAB6AC00C02FA9 /* WCr_View.swift */ = {isa = PBXFileReference; lastKnownFileType = sourcecode.swift; path = WCr_View.swift; sourceTree = "<group>"; };
		DB25810C2CA4CED60073CB6E /* Interval-Trainer-Info.plist */ = {isa = PBXFileReference; lastKnownFileType = text.plist; path = "Interval-Trainer-Info.plist"; sourceTree = SOURCE_ROOT; };
		DB3CAB732CA8C5CB00300322 /* WatchConnectivity.swift */ = {isa = PBXFileReference; lastKnownFileType = sourcecode.swift; path = WatchConnectivity.swift; sourceTree = "<group>"; };
		DB3CAB762CA8E79700300322 /* HeathKit.swift */ = {isa = PBXFileReference; lastKnownFileType = sourcecode.swift; path = HeathKit.swift; sourceTree = "<group>"; };
		DB3CAB792CA8E8DD00300322 /* Interval Trainer Watch Watch App.entitlements */ = {isa = PBXFileReference; lastKnownFileType = text.plist.entitlements; path = "Interval Trainer Watch Watch App.entitlements"; sourceTree = "<group>"; };
		DB3CAB7A2CA9EB3D00300322 /* CloudKit.swift */ = {isa = PBXFileReference; fileEncoding = 4; lastKnownFileType = sourcecode.swift; path = CloudKit.swift; sourceTree = "<group>"; };
		DB3CAB802CA9F10300300322 /* MusicKit.swift */ = {isa = PBXFileReference; lastKnownFileType = sourcecode.swift; path = MusicKit.swift; sourceTree = "<group>"; };
		DB9E72FE2CA7AFBA00B2981F /* Interval Trainer Watch Watch App.app */ = {isa = PBXFileReference; explicitFileType = wrapper.application; includeInIndex = 0; path = "Interval Trainer Watch Watch App.app"; sourceTree = BUILT_PRODUCTS_DIR; };
		DB9E73002CA7AFBA00B2981F /* Interval_Trainer_WatchApp.swift */ = {isa = PBXFileReference; lastKnownFileType = sourcecode.swift; path = Interval_Trainer_WatchApp.swift; sourceTree = "<group>"; };
		DB9E73022CA7AFBA00B2981F /* ContentView.swift */ = {isa = PBXFileReference; lastKnownFileType = sourcecode.swift; path = ContentView.swift; sourceTree = "<group>"; };
		DB9E73042CA7AFBA00B2981F /* Assets.xcassets */ = {isa = PBXFileReference; lastKnownFileType = folder.assetcatalog; path = Assets.xcassets; sourceTree = "<group>"; };
		DB9E73072CA7AFBA00B2981F /* Preview Assets.xcassets */ = {isa = PBXFileReference; lastKnownFileType = folder.assetcatalog; path = "Preview Assets.xcassets"; sourceTree = "<group>"; };
		DB9E730D2CA7AFBA00B2981F /* Interval Trainer Watch Watch AppTests.xctest */ = {isa = PBXFileReference; explicitFileType = wrapper.cfbundle; includeInIndex = 0; path = "Interval Trainer Watch Watch AppTests.xctest"; sourceTree = BUILT_PRODUCTS_DIR; };
		DB9E73112CA7AFBA00B2981F /* Interval_Trainer_Watch_Watch_AppTests.swift */ = {isa = PBXFileReference; lastKnownFileType = sourcecode.swift; path = Interval_Trainer_Watch_Watch_AppTests.swift; sourceTree = "<group>"; };
		DB9E73172CA7AFBB00B2981F /* Interval Trainer Watch Watch AppUITests.xctest */ = {isa = PBXFileReference; explicitFileType = wrapper.cfbundle; includeInIndex = 0; path = "Interval Trainer Watch Watch AppUITests.xctest"; sourceTree = BUILT_PRODUCTS_DIR; };
		DB9E731B2CA7AFBB00B2981F /* Interval_Trainer_Watch_Watch_AppUITests.swift */ = {isa = PBXFileReference; lastKnownFileType = sourcecode.swift; path = Interval_Trainer_Watch_Watch_AppUITests.swift; sourceTree = "<group>"; };
		DB9E731D2CA7AFBB00B2981F /* Interval_Trainer_Watch_Watch_AppUITestsLaunchTests.swift */ = {isa = PBXFileReference; lastKnownFileType = sourcecode.swift; path = Interval_Trainer_Watch_Watch_AppUITestsLaunchTests.swift; sourceTree = "<group>"; };
		DB9E732C2CA7B04600B2981F /* Watch_WorkoutPlans.swift */ = {isa = PBXFileReference; fileEncoding = 4; lastKnownFileType = sourcecode.swift; path = Watch_WorkoutPlans.swift; sourceTree = "<group>"; };
		DB9E732D2CA7B04600B2981F /* Watch_PerformWorkout.swift */ = {isa = PBXFileReference; fileEncoding = 4; lastKnownFileType = sourcecode.swift; path = Watch_PerformWorkout.swift; sourceTree = "<group>"; };
		DBA02F3B2C8BEC33001C7661 /* Launch Screen.storyboard */ = {isa = PBXFileReference; lastKnownFileType = file.storyboard; path = "Launch Screen.storyboard"; sourceTree = "<group>"; };
		DBA02F3D2C8CCCF1001C7661 /* AI_Feature.swift */ = {isa = PBXFileReference; lastKnownFileType = sourcecode.swift; path = AI_Feature.swift; sourceTree = "<group>"; };
		DBA02F432C8D20FB001C7661 /* EI_Feature.swift */ = {isa = PBXFileReference; lastKnownFileType = sourcecode.swift; path = EI_Feature.swift; sourceTree = "<group>"; };
		DBA02F452C8D670C001C7661 /* DI_Feature.swift */ = {isa = PBXFileReference; lastKnownFileType = sourcecode.swift; path = DI_Feature.swift; sourceTree = "<group>"; };
		DBA02F472C8DDE73001C7661 /* PW_Feature.swift */ = {isa = PBXFileReference; lastKnownFileType = sourcecode.swift; path = PW_Feature.swift; sourceTree = "<group>"; };
		DBA02F4B2C8FD7C2001C7661 /* EW_Feature.swift */ = {isa = PBXFileReference; fileEncoding = 4; lastKnownFileType = sourcecode.swift; path = EW_Feature.swift; sourceTree = "<group>"; };
		DBA02F4D2C908B21001C7661 /* WC_Feature.swift */ = {isa = PBXFileReference; lastKnownFileType = sourcecode.swift; path = WC_Feature.swift; sourceTree = "<group>"; };
		DBA02F4F2C913723001C7661 /* MusicPlayer.swift */ = {isa = PBXFileReference; lastKnownFileType = sourcecode.swift; path = MusicPlayer.swift; sourceTree = "<group>"; };
		DBAC874C2CC02CDC00D234DA /* IntervalRow.swift */ = {isa = PBXFileReference; fileEncoding = 4; lastKnownFileType = sourcecode.swift; path = IntervalRow.swift; sourceTree = "<group>"; };
		DBAC874D2CC02CDC00D234DA /* DurationPicker.swift */ = {isa = PBXFileReference; fileEncoding = 4; lastKnownFileType = sourcecode.swift; path = DurationPicker.swift; sourceTree = "<group>"; };
		DBADCED92C82C81F00E2AD15 /* Interval Trainer.app */ = {isa = PBXFileReference; explicitFileType = wrapper.application; includeInIndex = 0; path = "Interval Trainer.app"; sourceTree = BUILT_PRODUCTS_DIR; };
		DBADCEDC2C82C81F00E2AD15 /* Interval_TrainerApp.swift */ = {isa = PBXFileReference; lastKnownFileType = sourcecode.swift; path = Interval_TrainerApp.swift; sourceTree = "<group>"; };
		DBADCEE02C82C82100E2AD15 /* Assets.xcassets */ = {isa = PBXFileReference; lastKnownFileType = folder.assetcatalog; path = Assets.xcassets; sourceTree = "<group>"; };
		DBADCEE32C82C82100E2AD15 /* Preview Assets.xcassets */ = {isa = PBXFileReference; lastKnownFileType = folder.assetcatalog; path = "Preview Assets.xcassets"; sourceTree = "<group>"; };
		DBADCEE52C82C82100E2AD15 /* Interval_Trainer.entitlements */ = {isa = PBXFileReference; lastKnownFileType = text.plist.entitlements; path = Interval_Trainer.entitlements; sourceTree = "<group>"; };
		DBADCEEA2C82C82100E2AD15 /* Interval TrainerTests.xctest */ = {isa = PBXFileReference; explicitFileType = wrapper.cfbundle; includeInIndex = 0; path = "Interval TrainerTests.xctest"; sourceTree = BUILT_PRODUCTS_DIR; };
		DBADCEEE2C82C82100E2AD15 /* Interval_TrainerTests.swift */ = {isa = PBXFileReference; lastKnownFileType = sourcecode.swift; path = Interval_TrainerTests.swift; sourceTree = "<group>"; };
		DBADCEF42C82C82100E2AD15 /* Interval TrainerUITests.xctest */ = {isa = PBXFileReference; explicitFileType = wrapper.cfbundle; includeInIndex = 0; path = "Interval TrainerUITests.xctest"; sourceTree = BUILT_PRODUCTS_DIR; };
		DBADCEF82C82C82100E2AD15 /* Interval_TrainerUITests.swift */ = {isa = PBXFileReference; lastKnownFileType = sourcecode.swift; path = Interval_TrainerUITests.swift; sourceTree = "<group>"; };
		DBADCEFA2C82C82100E2AD15 /* Interval_TrainerUITestsLaunchTests.swift */ = {isa = PBXFileReference; lastKnownFileType = sourcecode.swift; path = Interval_TrainerUITestsLaunchTests.swift; sourceTree = "<group>"; };
		DBC240282CAC495500E62E5F /* Watch_WorkoutComplete.swift */ = {isa = PBXFileReference; lastKnownFileType = sourcecode.swift; path = Watch_WorkoutComplete.swift; sourceTree = "<group>"; };
		DBC2402A2CACD73B00E62E5F /* CalendarClient.swift */ = {isa = PBXFileReference; fileEncoding = 4; lastKnownFileType = sourcecode.swift; path = CalendarClient.swift; sourceTree = "<group>"; };
		DBC2402D2CADCEB500E62E5F /* ACW_Feature.swift */ = {isa = PBXFileReference; fileEncoding = 4; lastKnownFileType = sourcecode.swift; path = ACW_Feature.swift; sourceTree = "<group>"; };
		DBC2402E2CADCEB500E62E5F /* ACW_View.swift */ = {isa = PBXFileReference; fileEncoding = 4; lastKnownFileType = sourcecode.swift; path = ACW_View.swift; sourceTree = "<group>"; };
		DBC240342CADDAF800E62E5F /* S_Feature.swift */ = {isa = PBXFileReference; fileEncoding = 4; lastKnownFileType = sourcecode.swift; path = S_Feature.swift; sourceTree = "<group>"; };
		DBC240352CADDAF800E62E5F /* S_View.swift */ = {isa = PBXFileReference; fileEncoding = 4; lastKnownFileType = sourcecode.swift; path = S_View.swift; sourceTree = "<group>"; };
		DBC2403B2CADDB3400E62E5F /* SubscriptionClient.swift */ = {isa = PBXFileReference; fileEncoding = 4; lastKnownFileType = sourcecode.swift; path = SubscriptionClient.swift; sourceTree = "<group>"; };
		DBC240592CB77C7B00E62E5F /* CoreAudioTypes.framework */ = {isa = PBXFileReference; lastKnownFileType = wrapper.framework; name = CoreAudioTypes.framework; path = Platforms/WatchOS.platform/Developer/SDKs/WatchOS10.5.sdk/System/Library/Frameworks/CoreAudioTypes.framework; sourceTree = DEVELOPER_DIR; };
		DBD0BE7D2C8750CE0058FF39 /* AppFeature.swift */ = {isa = PBXFileReference; lastKnownFileType = sourcecode.swift; path = AppFeature.swift; sourceTree = "<group>"; };
		DBD0BE812C87511E0058FF39 /* H_Feature.swift */ = {isa = PBXFileReference; lastKnownFileType = sourcecode.swift; path = H_Feature.swift; sourceTree = "<group>"; };
		DBD0BE832C87515A0058FF39 /* WS_Feature.swift */ = {isa = PBXFileReference; lastKnownFileType = sourcecode.swift; path = WS_Feature.swift; sourceTree = "<group>"; };
		DBD0BE852C8751940058FF39 /* CW_Feature.swift */ = {isa = PBXFileReference; lastKnownFileType = sourcecode.swift; path = CW_Feature.swift; sourceTree = "<group>"; };
		DBD0BE872C8752440058FF39 /* WP_Feature.swift */ = {isa = PBXFileReference; lastKnownFileType = sourcecode.swift; path = WP_Feature.swift; sourceTree = "<group>"; };
		DBD0BE892C8752630058FF39 /* Utilities.swift */ = {isa = PBXFileReference; lastKnownFileType = sourcecode.swift; path = Utilities.swift; sourceTree = "<group>"; };
		DBD0BE8B2C8810D90058FF39 /* WCr_Feature.swift */ = {isa = PBXFileReference; lastKnownFileType = sourcecode.swift; path = WCr_Feature.swift; sourceTree = "<group>"; };
/* End PBXFileReference section */

/* Begin PBXFrameworksBuildPhase section */
		DB9E72FB2CA7AFBA00B2981F /* Frameworks */ = {
			isa = PBXFrameworksBuildPhase;
			buildActionMask = 2147483647;
			files = (
				DB3CAB6D2CA7B71000300322 /* ComposableArchitecture in Frameworks */,
			);
			runOnlyForDeploymentPostprocessing = 0;
		};
		DB9E730A2CA7AFBA00B2981F /* Frameworks */ = {
			isa = PBXFrameworksBuildPhase;
			buildActionMask = 2147483647;
			files = (
			);
			runOnlyForDeploymentPostprocessing = 0;
		};
		DB9E73142CA7AFBB00B2981F /* Frameworks */ = {
			isa = PBXFrameworksBuildPhase;
			buildActionMask = 2147483647;
			files = (
			);
			runOnlyForDeploymentPostprocessing = 0;
		};
		DBADCED62C82C81F00E2AD15 /* Frameworks */ = {
			isa = PBXFrameworksBuildPhase;
			buildActionMask = 2147483647;
			files = (
				DBD0BE7C2C851D780058FF39 /* ComposableArchitecture in Frameworks */,
			);
			runOnlyForDeploymentPostprocessing = 0;
		};
		DBADCEE72C82C82100E2AD15 /* Frameworks */ = {
			isa = PBXFrameworksBuildPhase;
			buildActionMask = 2147483647;
			files = (
			);
			runOnlyForDeploymentPostprocessing = 0;
		};
		DBADCEF12C82C82100E2AD15 /* Frameworks */ = {
			isa = PBXFrameworksBuildPhase;
			buildActionMask = 2147483647;
			files = (
			);
			runOnlyForDeploymentPostprocessing = 0;
		};
/* End PBXFrameworksBuildPhase section */

/* Begin PBXGroup section */
		DB019ABE2CAA0B3900C02FA9 /* WorkoutSummary */ = {
			isa = PBXGroup;
			children = (
				DBD0BE832C87515A0058FF39 /* WS_Feature.swift */,
				DB019ABC2CAA0B3300C02FA9 /* WS_View.swift */,
			);
			path = WorkoutSummary;
			sourceTree = "<group>";
		};
		DB019ABF2CAA0B4E00C02FA9 /* CompletedWorkouts */ = {
			isa = PBXGroup;
			children = (
				DBD0BE852C8751940058FF39 /* CW_Feature.swift */,
				DB019AC02CAA0B5B00C02FA9 /* CW_View.swift */,
			);
			path = CompletedWorkouts;
			sourceTree = "<group>";
		};
		DB019AC22CAA0B9600C02FA9 /* WorkoutPlans */ = {
			isa = PBXGroup;
			children = (
				DBD0BE872C8752440058FF39 /* WP_Feature.swift */,
				DB019AC32CAA0BA800C02FA9 /* WP_View.swift */,
			);
			path = WorkoutPlans;
			sourceTree = "<group>";
		};
		DB019AC52CAA0C0E00C02FA9 /* PerformWorkout */ = {
			isa = PBXGroup;
			children = (
				DBA02F472C8DDE73001C7661 /* PW_Feature.swift */,
				DB019AC62CAA0C1A00C02FA9 /* PW_View.swift */,
			);
			path = PerformWorkout;
			sourceTree = "<group>";
		};
		DB019AC82CAA0C4A00C02FA9 /* WorkoutComplete */ = {
			isa = PBXGroup;
			children = (
				DBA02F4D2C908B21001C7661 /* WC_Feature.swift */,
				DB019AC92CAA0C5A00C02FA9 /* WC_View.swift */,
			);
			path = WorkoutComplete;
			sourceTree = "<group>";
		};
		DB019ACB2CAAB60A00C02FA9 /* WorkoutCreation */ = {
			isa = PBXGroup;
			children = (
				DBD0BE8B2C8810D90058FF39 /* WCr_Feature.swift */,
				DB019AE12CAAB6AC00C02FA9 /* WCr_View.swift */,
			);
			path = WorkoutCreation;
			sourceTree = "<group>";
		};
		DB019ACC2CAAB61300C02FA9 /* AddInterval */ = {
			isa = PBXGroup;
			children = (
				DBA02F3D2C8CCCF1001C7661 /* AI_Feature.swift */,
				DB019ADF2CAAB6A000C02FA9 /* AI_View.swift */,
			);
			path = AddInterval;
			sourceTree = "<group>";
		};
		DB019ACD2CAAB61D00C02FA9 /* DuplicateInterval */ = {
			isa = PBXGroup;
			children = (
				DBA02F452C8D670C001C7661 /* DI_Feature.swift */,
				DB019ADD2CAAB69500C02FA9 /* DI_View.swift */,
			);
			path = DuplicateInterval;
			sourceTree = "<group>";
		};
		DB019ACE2CAAB62500C02FA9 /* Home */ = {
			isa = PBXGroup;
			children = (
				DBD0BE812C87511E0058FF39 /* H_Feature.swift */,
				DB019ADB2CAAB68B00C02FA9 /* H_View.swift */,
			);
			path = Home;
			sourceTree = "<group>";
		};
		DB019ACF2CAAB62E00C02FA9 /* EditInterval */ = {
			isa = PBXGroup;
			children = (
				DBA02F432C8D20FB001C7661 /* EI_Feature.swift */,
				DB019AD92CAAB67E00C02FA9 /* EI_View.swift */,
			);
			path = EditInterval;
			sourceTree = "<group>";
		};
		DB019AD22CAAB64200C02FA9 /* EditWorkout */ = {
			isa = PBXGroup;
			children = (
				DBA02F4B2C8FD7C2001C7661 /* EW_Feature.swift */,
				DB019AD32CAAB65400C02FA9 /* EW_View.swift */,
			);
			path = EditWorkout;
			sourceTree = "<group>";
		};
		DB3CAB662CA7B0E300300322 /* Frameworks */ = {
			isa = PBXGroup;
			children = (
				DBC240592CB77C7B00E62E5F /* CoreAudioTypes.framework */,
			);
			name = Frameworks;
			sourceTree = "<group>";
		};
		DB9E72FF2CA7AFBA00B2981F /* Interval Trainer Watch Watch App */ = {
			isa = PBXGroup;
			children = (
				DB3CAB792CA8E8DD00300322 /* Interval Trainer Watch Watch App.entitlements */,
				DB9E73002CA7AFBA00B2981F /* Interval_Trainer_WatchApp.swift */,
				DB9E73022CA7AFBA00B2981F /* ContentView.swift */,
				DB9E732D2CA7B04600B2981F /* Watch_PerformWorkout.swift */,
				DB9E732C2CA7B04600B2981F /* Watch_WorkoutPlans.swift */,
				DBC240282CAC495500E62E5F /* Watch_WorkoutComplete.swift */,
				DB9E73042CA7AFBA00B2981F /* Assets.xcassets */,
				DB9E73062CA7AFBA00B2981F /* Preview Content */,
			);
			path = "Interval Trainer Watch Watch App";
			sourceTree = "<group>";
		};
		DB9E73062CA7AFBA00B2981F /* Preview Content */ = {
			isa = PBXGroup;
			children = (
				DB9E73072CA7AFBA00B2981F /* Preview Assets.xcassets */,
			);
			path = "Preview Content";
			sourceTree = "<group>";
		};
		DB9E73102CA7AFBA00B2981F /* Interval Trainer Watch Watch AppTests */ = {
			isa = PBXGroup;
			children = (
				DB9E73112CA7AFBA00B2981F /* Interval_Trainer_Watch_Watch_AppTests.swift */,
			);
			path = "Interval Trainer Watch Watch AppTests";
			sourceTree = "<group>";
		};
		DB9E731A2CA7AFBB00B2981F /* Interval Trainer Watch Watch AppUITests */ = {
			isa = PBXGroup;
			children = (
				DB9E731B2CA7AFBB00B2981F /* Interval_Trainer_Watch_Watch_AppUITests.swift */,
				DB9E731D2CA7AFBB00B2981F /* Interval_Trainer_Watch_Watch_AppUITestsLaunchTests.swift */,
			);
			path = "Interval Trainer Watch Watch AppUITests";
			sourceTree = "<group>";
		};
		DBAC87502CC02CE600D234DA /* UIComponents */ = {
			isa = PBXGroup;
			children = (
				DBAC874D2CC02CDC00D234DA /* DurationPicker.swift */,
				DBAC874C2CC02CDC00D234DA /* IntervalRow.swift */,
			);
			path = UIComponents;
			sourceTree = "<group>";
		};
		DBADCED02C82C81F00E2AD15 = {
			isa = PBXGroup;
			children = (
				DBADCEDB2C82C81F00E2AD15 /* Interval Trainer */,
				DBADCEED2C82C82100E2AD15 /* Interval TrainerTests */,
				DBADCEF72C82C82100E2AD15 /* Interval TrainerUITests */,
				DB9E72FF2CA7AFBA00B2981F /* Interval Trainer Watch Watch App */,
				DB9E73102CA7AFBA00B2981F /* Interval Trainer Watch Watch AppTests */,
				DB9E731A2CA7AFBB00B2981F /* Interval Trainer Watch Watch AppUITests */,
				DBADCEDA2C82C81F00E2AD15 /* Products */,
				DB3CAB662CA7B0E300300322 /* Frameworks */,
			);
			sourceTree = "<group>";
		};
		DBADCEDA2C82C81F00E2AD15 /* Products */ = {
			isa = PBXGroup;
			children = (
				DBADCED92C82C81F00E2AD15 /* Interval Trainer.app */,
				DBADCEEA2C82C82100E2AD15 /* Interval TrainerTests.xctest */,
				DBADCEF42C82C82100E2AD15 /* Interval TrainerUITests.xctest */,
				DB9E72FE2CA7AFBA00B2981F /* Interval Trainer Watch Watch App.app */,
				DB9E730D2CA7AFBA00B2981F /* Interval Trainer Watch Watch AppTests.xctest */,
				DB9E73172CA7AFBB00B2981F /* Interval Trainer Watch Watch AppUITests.xctest */,
			);
			name = Products;
			sourceTree = "<group>";
		};
		DBADCEDB2C82C81F00E2AD15 /* Interval Trainer */ = {
			isa = PBXGroup;
			children = (
				DBAC87502CC02CE600D234DA /* UIComponents */,
				DB25810C2CA4CED60073CB6E /* Interval-Trainer-Info.plist */,
				DBADCEDC2C82C81F00E2AD15 /* Interval_TrainerApp.swift */,
				DBD0BE7D2C8750CE0058FF39 /* AppFeature.swift */,
				DBC240272CAB968D00E62E5F /* Dependencies */,
				DB019ABE2CAA0B3900C02FA9 /* WorkoutSummary */,
				DBC2403A2CADDB0000E62E5F /* Subscription */,
				DB019ABF2CAA0B4E00C02FA9 /* CompletedWorkouts */,
				DBC240332CADCEBE00E62E5F /* AddCompletedWorkout */,
				DB019AC22CAA0B9600C02FA9 /* WorkoutPlans */,
				DB019AC52CAA0C0E00C02FA9 /* PerformWorkout */,
				DB019AC82CAA0C4A00C02FA9 /* WorkoutComplete */,
				DB019ACB2CAAB60A00C02FA9 /* WorkoutCreation */,
				DB019ACC2CAAB61300C02FA9 /* AddInterval */,
				DB019ACD2CAAB61D00C02FA9 /* DuplicateInterval */,
				DB019ACE2CAAB62500C02FA9 /* Home */,
				DB019ACF2CAAB62E00C02FA9 /* EditInterval */,
				DB019AD22CAAB64200C02FA9 /* EditWorkout */,
				DBADCEE02C82C82100E2AD15 /* Assets.xcassets */,
				DBADCEE52C82C82100E2AD15 /* Interval_Trainer.entitlements */,
				DBADCEE22C82C82100E2AD15 /* Preview Content */,
				DBA02F3B2C8BEC33001C7661 /* Launch Screen.storyboard */,
			);
			path = "Interval Trainer";
			sourceTree = "<group>";
		};
		DBADCEE22C82C82100E2AD15 /* Preview Content */ = {
			isa = PBXGroup;
			children = (
				DBADCEE32C82C82100E2AD15 /* Preview Assets.xcassets */,
			);
			path = "Preview Content";
			sourceTree = "<group>";
		};
		DBADCEED2C82C82100E2AD15 /* Interval TrainerTests */ = {
			isa = PBXGroup;
			children = (
				DBADCEEE2C82C82100E2AD15 /* Interval_TrainerTests.swift */,
			);
			path = "Interval TrainerTests";
			sourceTree = "<group>";
		};
		DBADCEF72C82C82100E2AD15 /* Interval TrainerUITests */ = {
			isa = PBXGroup;
			children = (
				DBADCEF82C82C82100E2AD15 /* Interval_TrainerUITests.swift */,
				DBADCEFA2C82C82100E2AD15 /* Interval_TrainerUITestsLaunchTests.swift */,
			);
			path = "Interval TrainerUITests";
			sourceTree = "<group>";
		};
		DBC240272CAB968D00E62E5F /* Dependencies */ = {
			isa = PBXGroup;
			children = (
				DBC2402A2CACD73B00E62E5F /* CalendarClient.swift */,
				DBC2403B2CADDB3400E62E5F /* SubscriptionClient.swift */,
				DB3CAB7A2CA9EB3D00300322 /* CloudKit.swift */,
				DB3CAB802CA9F10300300322 /* MusicKit.swift */,
				DB3CAB762CA8E79700300322 /* HeathKit.swift */,
				DB3CAB732CA8C5CB00300322 /* WatchConnectivity.swift */,
				DBA02F4F2C913723001C7661 /* MusicPlayer.swift */,
				DBD0BE892C8752630058FF39 /* Utilities.swift */,
			);
			path = Dependencies;
			sourceTree = "<group>";
		};
		DBC240332CADCEBE00E62E5F /* AddCompletedWorkout */ = {
			isa = PBXGroup;
			children = (
				DBC2402D2CADCEB500E62E5F /* ACW_Feature.swift */,
				DBC2402E2CADCEB500E62E5F /* ACW_View.swift */,
			);
			path = AddCompletedWorkout;
			sourceTree = "<group>";
		};
		DBC2403A2CADDB0000E62E5F /* Subscription */ = {
			isa = PBXGroup;
			children = (
				DBC240342CADDAF800E62E5F /* S_Feature.swift */,
				DBC240352CADDAF800E62E5F /* S_View.swift */,
			);
			path = Subscription;
			sourceTree = "<group>";
		};
/* End PBXGroup section */

/* Begin PBXNativeTarget section */
		DB9E72FD2CA7AFBA00B2981F /* Interval Trainer Watch Watch App */ = {
			isa = PBXNativeTarget;
			buildConfigurationList = DB9E73292CA7AFBB00B2981F /* Build configuration list for PBXNativeTarget "Interval Trainer Watch Watch App" */;
			buildPhases = (
				DB9E72FA2CA7AFBA00B2981F /* Sources */,
				DB9E72FB2CA7AFBA00B2981F /* Frameworks */,
				DB9E72FC2CA7AFBA00B2981F /* Resources */,
			);
			buildRules = (
			);
			dependencies = (
			);
			name = "Interval Trainer Watch Watch App";
			packageProductDependencies = (
				DB3CAB6C2CA7B71000300322 /* ComposableArchitecture */,
			);
			productName = "Interval Trainer Watch Watch App";
			productReference = DB9E72FE2CA7AFBA00B2981F /* Interval Trainer Watch Watch App.app */;
			productType = "com.apple.product-type.application";
		};
		DB9E730C2CA7AFBA00B2981F /* Interval Trainer Watch Watch AppTests */ = {
			isa = PBXNativeTarget;
			buildConfigurationList = DB9E732A2CA7AFBB00B2981F /* Build configuration list for PBXNativeTarget "Interval Trainer Watch Watch AppTests" */;
			buildPhases = (
				DB9E73092CA7AFBA00B2981F /* Sources */,
				DB9E730A2CA7AFBA00B2981F /* Frameworks */,
				DB9E730B2CA7AFBA00B2981F /* Resources */,
			);
			buildRules = (
			);
			dependencies = (
				DB9E730F2CA7AFBA00B2981F /* PBXTargetDependency */,
			);
			name = "Interval Trainer Watch Watch AppTests";
			productName = "Interval Trainer Watch Watch AppTests";
			productReference = DB9E730D2CA7AFBA00B2981F /* Interval Trainer Watch Watch AppTests.xctest */;
			productType = "com.apple.product-type.bundle.unit-test";
		};
		DB9E73162CA7AFBB00B2981F /* Interval Trainer Watch Watch AppUITests */ = {
			isa = PBXNativeTarget;
			buildConfigurationList = DB9E732B2CA7AFBB00B2981F /* Build configuration list for PBXNativeTarget "Interval Trainer Watch Watch AppUITests" */;
			buildPhases = (
				DB9E73132CA7AFBB00B2981F /* Sources */,
				DB9E73142CA7AFBB00B2981F /* Frameworks */,
				DB9E73152CA7AFBB00B2981F /* Resources */,
			);
			buildRules = (
			);
			dependencies = (
				DB9E73192CA7AFBB00B2981F /* PBXTargetDependency */,
			);
			name = "Interval Trainer Watch Watch AppUITests";
			productName = "Interval Trainer Watch Watch AppUITests";
			productReference = DB9E73172CA7AFBB00B2981F /* Interval Trainer Watch Watch AppUITests.xctest */;
			productType = "com.apple.product-type.bundle.ui-testing";
		};
		DBADCED82C82C81F00E2AD15 /* Interval Trainer */ = {
			isa = PBXNativeTarget;
			buildConfigurationList = DBADCEFE2C82C82100E2AD15 /* Build configuration list for PBXNativeTarget "Interval Trainer" */;
			buildPhases = (
				DBADCED52C82C81F00E2AD15 /* Sources */,
				DBADCED62C82C81F00E2AD15 /* Frameworks */,
				DBADCED72C82C81F00E2AD15 /* Resources */,
				DB9E73212CA7AFBB00B2981F /* Embed Watch Content */,
			);
			buildRules = (
			);
			dependencies = (
				DB9E73202CA7AFBB00B2981F /* PBXTargetDependency */,
			);
			name = "Interval Trainer";
			packageProductDependencies = (
				DBD0BE7B2C851D780058FF39 /* ComposableArchitecture */,
			);
			productName = "Interval Trainer";
			productReference = DBADCED92C82C81F00E2AD15 /* Interval Trainer.app */;
			productType = "com.apple.product-type.application";
		};
		DBADCEE92C82C82100E2AD15 /* Interval TrainerTests */ = {
			isa = PBXNativeTarget;
			buildConfigurationList = DBADCF012C82C82100E2AD15 /* Build configuration list for PBXNativeTarget "Interval TrainerTests" */;
			buildPhases = (
				DBADCEE62C82C82100E2AD15 /* Sources */,
				DBADCEE72C82C82100E2AD15 /* Frameworks */,
				DBADCEE82C82C82100E2AD15 /* Resources */,
			);
			buildRules = (
			);
			dependencies = (
				DBADCEEC2C82C82100E2AD15 /* PBXTargetDependency */,
			);
			name = "Interval TrainerTests";
			productName = "Interval TrainerTests";
			productReference = DBADCEEA2C82C82100E2AD15 /* Interval TrainerTests.xctest */;
			productType = "com.apple.product-type.bundle.unit-test";
		};
		DBADCEF32C82C82100E2AD15 /* Interval TrainerUITests */ = {
			isa = PBXNativeTarget;
			buildConfigurationList = DBADCF042C82C82100E2AD15 /* Build configuration list for PBXNativeTarget "Interval TrainerUITests" */;
			buildPhases = (
				DBADCEF02C82C82100E2AD15 /* Sources */,
				DBADCEF12C82C82100E2AD15 /* Frameworks */,
				DBADCEF22C82C82100E2AD15 /* Resources */,
			);
			buildRules = (
			);
			dependencies = (
				DBADCEF62C82C82100E2AD15 /* PBXTargetDependency */,
			);
			name = "Interval TrainerUITests";
			productName = "Interval TrainerUITests";
			productReference = DBADCEF42C82C82100E2AD15 /* Interval TrainerUITests.xctest */;
			productType = "com.apple.product-type.bundle.ui-testing";
		};
/* End PBXNativeTarget section */

/* Begin PBXProject section */
		DBADCED12C82C81F00E2AD15 /* Project object */ = {
			isa = PBXProject;
			attributes = {
				BuildIndependentTargetsInParallel = 1;
				LastSwiftUpdateCheck = 1540;
				LastUpgradeCheck = 1540;
				TargetAttributes = {
					DB9E72FD2CA7AFBA00B2981F = {
						CreatedOnToolsVersion = 15.4;
					};
					DB9E730C2CA7AFBA00B2981F = {
						CreatedOnToolsVersion = 15.4;
						TestTargetID = DB9E72FD2CA7AFBA00B2981F;
					};
					DB9E73162CA7AFBB00B2981F = {
						CreatedOnToolsVersion = 15.4;
						TestTargetID = DB9E72FD2CA7AFBA00B2981F;
					};
					DBADCED82C82C81F00E2AD15 = {
						CreatedOnToolsVersion = 14.2;
					};
					DBADCEE92C82C82100E2AD15 = {
						CreatedOnToolsVersion = 14.2;
						TestTargetID = DBADCED82C82C81F00E2AD15;
					};
					DBADCEF32C82C82100E2AD15 = {
						CreatedOnToolsVersion = 14.2;
						TestTargetID = DBADCED82C82C81F00E2AD15;
					};
				};
			};
			buildConfigurationList = DBADCED42C82C81F00E2AD15 /* Build configuration list for PBXProject "Interval Trainer" */;
			compatibilityVersion = "Xcode 14.0";
			developmentRegion = en;
			hasScannedForEncodings = 0;
			knownRegions = (
				en,
				Base,
			);
			mainGroup = DBADCED02C82C81F00E2AD15;
			packageReferences = (
				DBD0BE7A2C851D780058FF39 /* XCRemoteSwiftPackageReference "swift-composable-architecture" */,
			);
			productRefGroup = DBADCEDA2C82C81F00E2AD15 /* Products */;
			projectDirPath = "";
			projectRoot = "";
			targets = (
				DBADCED82C82C81F00E2AD15 /* Interval Trainer */,
				DBADCEE92C82C82100E2AD15 /* Interval TrainerTests */,
				DBADCEF32C82C82100E2AD15 /* Interval TrainerUITests */,
				DB9E72FD2CA7AFBA00B2981F /* Interval Trainer Watch Watch App */,
				DB9E730C2CA7AFBA00B2981F /* Interval Trainer Watch Watch AppTests */,
				DB9E73162CA7AFBB00B2981F /* Interval Trainer Watch Watch AppUITests */,
			);
		};
/* End PBXProject section */

/* Begin PBXResourcesBuildPhase section */
		DB9E72FC2CA7AFBA00B2981F /* Resources */ = {
			isa = PBXResourcesBuildPhase;
			buildActionMask = 2147483647;
			files = (
				DB9E73082CA7AFBA00B2981F /* Preview Assets.xcassets in Resources */,
				DB9E73052CA7AFBA00B2981F /* Assets.xcassets in Resources */,
			);
			runOnlyForDeploymentPostprocessing = 0;
		};
		DB9E730B2CA7AFBA00B2981F /* Resources */ = {
			isa = PBXResourcesBuildPhase;
			buildActionMask = 2147483647;
			files = (
			);
			runOnlyForDeploymentPostprocessing = 0;
		};
		DB9E73152CA7AFBB00B2981F /* Resources */ = {
			isa = PBXResourcesBuildPhase;
			buildActionMask = 2147483647;
			files = (
			);
			runOnlyForDeploymentPostprocessing = 0;
		};
		DBADCED72C82C81F00E2AD15 /* Resources */ = {
			isa = PBXResourcesBuildPhase;
			buildActionMask = 2147483647;
			files = (
				DBA02F3C2C8BEC33001C7661 /* Launch Screen.storyboard in Resources */,
				DBADCEE42C82C82100E2AD15 /* Preview Assets.xcassets in Resources */,
				DBADCEE12C82C82100E2AD15 /* Assets.xcassets in Resources */,
			);
			runOnlyForDeploymentPostprocessing = 0;
		};
		DBADCEE82C82C82100E2AD15 /* Resources */ = {
			isa = PBXResourcesBuildPhase;
			buildActionMask = 2147483647;
			files = (
			);
			runOnlyForDeploymentPostprocessing = 0;
		};
		DBADCEF22C82C82100E2AD15 /* Resources */ = {
			isa = PBXResourcesBuildPhase;
			buildActionMask = 2147483647;
			files = (
			);
			runOnlyForDeploymentPostprocessing = 0;
		};
/* End PBXResourcesBuildPhase section */

/* Begin PBXSourcesBuildPhase section */
		DB9E72FA2CA7AFBA00B2981F /* Sources */ = {
			isa = PBXSourcesBuildPhase;
			buildActionMask = 2147483647;
			files = (
				DB3CAB7C2CA9EB3D00300322 /* CloudKit.swift in Sources */,
				DB3CAB892CA9F25B00300322 /* MusicPlayer.swift in Sources */,
				DB019AE52CAAB88D00C02FA9 /* DI_Feature.swift in Sources */,
				DB9E73032CA7AFBA00B2981F /* ContentView.swift in Sources */,
				DB3CAB7E2CA9ED0B00300322 /* WP_Feature.swift in Sources */,
				DB019AE62CAAB89300C02FA9 /* EI_Feature.swift in Sources */,
				DBC2403D2CADDB3400E62E5F /* SubscriptionClient.swift in Sources */,
				DB3CAB8B2CA9F26300300322 /* MusicKit.swift in Sources */,
				DB9E73302CA7B04600B2981F /* Watch_PerformWorkout.swift in Sources */,
				DBC2402C2CACD73B00E62E5F /* CalendarClient.swift in Sources */,
				DB019AE32CAAB87600C02FA9 /* WCr_Feature.swift in Sources */,
				DBC240302CADCEB500E62E5F /* ACW_Feature.swift in Sources */,
				DB9E732F2CA7B04600B2981F /* Watch_WorkoutPlans.swift in Sources */,
				DB3CAB8E2CA9F26F00300322 /* Utilities.swift in Sources */,
				DBC240262CAB51A400E62E5F /* WS_Feature.swift in Sources */,
				DB3CAB8D2CA9F26A00300322 /* WC_Feature.swift in Sources */,
				DBC240292CAC495500E62E5F /* Watch_WorkoutComplete.swift in Sources */,
				DB3CAB752CA8CD2100300322 /* WatchConnectivity.swift in Sources */,
				DB3CAB782CA8E79700300322 /* HeathKit.swift in Sources */,
				DBC240372CADDAF800E62E5F /* S_Feature.swift in Sources */,
				DB9E73012CA7AFBA00B2981F /* Interval_Trainer_WatchApp.swift in Sources */,
				DB019AB52CAA08D500C02FA9 /* CW_Feature.swift in Sources */,
				DB3CAB8F2CA9F27400300322 /* EW_Feature.swift in Sources */,
				DB3CAB7D2CA9ECEF00300322 /* PW_Feature.swift in Sources */,
				DB019AE42CAAB88A00C02FA9 /* AI_Feature.swift in Sources */,
			);
			runOnlyForDeploymentPostprocessing = 0;
		};
		DB9E73092CA7AFBA00B2981F /* Sources */ = {
			isa = PBXSourcesBuildPhase;
			buildActionMask = 2147483647;
			files = (
				DB9E73122CA7AFBA00B2981F /* Interval_Trainer_Watch_Watch_AppTests.swift in Sources */,
			);
			runOnlyForDeploymentPostprocessing = 0;
		};
		DB9E73132CA7AFBB00B2981F /* Sources */ = {
			isa = PBXSourcesBuildPhase;
			buildActionMask = 2147483647;
			files = (
				DB9E731C2CA7AFBB00B2981F /* Interval_Trainer_Watch_Watch_AppUITests.swift in Sources */,
				DB9E731E2CA7AFBB00B2981F /* Interval_Trainer_Watch_Watch_AppUITestsLaunchTests.swift in Sources */,
			);
			runOnlyForDeploymentPostprocessing = 0;
		};
		DBADCED52C82C81F00E2AD15 /* Sources */ = {
			isa = PBXSourcesBuildPhase;
			buildActionMask = 2147483647;
			files = (
				DB3CAB742CA8C5CB00300322 /* WatchConnectivity.swift in Sources */,
				DBD0BE8C2C8810D90058FF39 /* WCr_Feature.swift in Sources */,
				DB019ADA2CAAB67E00C02FA9 /* EI_View.swift in Sources */,
				DBC2402B2CACD73B00E62E5F /* CalendarClient.swift in Sources */,
				DBC240362CADDAF800E62E5F /* S_Feature.swift in Sources */,
				DBC240382CADDAF800E62E5F /* S_View.swift in Sources */,
				DB019ACA2CAA0C5A00C02FA9 /* WC_View.swift in Sources */,
				DBC2403C2CADDB3400E62E5F /* SubscriptionClient.swift in Sources */,
				DBA02F3E2C8CCCF1001C7661 /* AI_Feature.swift in Sources */,
				DB019AE02CAAB6A000C02FA9 /* AI_View.swift in Sources */,
				DBA02F502C913723001C7661 /* MusicPlayer.swift in Sources */,
				DB3CAB7B2CA9EB3D00300322 /* CloudKit.swift in Sources */,
				DB3CAB772CA8E79700300322 /* HeathKit.swift in Sources */,
				DB3CAB812CA9F10300300322 /* MusicKit.swift in Sources */,
				DBA02F482C8DDE73001C7661 /* PW_Feature.swift in Sources */,
				DBD0BE7E2C8750CE0058FF39 /* AppFeature.swift in Sources */,
				DBD0BE822C87511E0058FF39 /* H_Feature.swift in Sources */,
				DB019AE22CAAB6AC00C02FA9 /* WCr_View.swift in Sources */,
				DBC2402F2CADCEB500E62E5F /* ACW_Feature.swift in Sources */,
				DBAC874F2CC02CDC00D234DA /* DurationPicker.swift in Sources */,
				DB019AC42CAA0BA800C02FA9 /* WP_View.swift in Sources */,
				DBD0BE862C8751940058FF39 /* CW_Feature.swift in Sources */,
				DBC240312CADCEB500E62E5F /* ACW_View.swift in Sources */,
				DB019ADC2CAAB68B00C02FA9 /* H_View.swift in Sources */,
				DB019AC12CAA0B5B00C02FA9 /* CW_View.swift in Sources */,
				DBD0BE842C87515A0058FF39 /* WS_Feature.swift in Sources */,
				DB019ABD2CAA0B3300C02FA9 /* WS_View.swift in Sources */,
				DB019ADE2CAAB69500C02FA9 /* DI_View.swift in Sources */,
				DB019AD42CAAB65400C02FA9 /* EW_View.swift in Sources */,
				DBA02F442C8D20FB001C7661 /* EI_Feature.swift in Sources */,
				DBA02F4E2C908B21001C7661 /* WC_Feature.swift in Sources */,
				DBD0BE882C8752440058FF39 /* WP_Feature.swift in Sources */,
				DBA02F462C8D670C001C7661 /* DI_Feature.swift in Sources */,
				DBAC874E2CC02CDC00D234DA /* IntervalRow.swift in Sources */,
				DB019AC72CAA0C1A00C02FA9 /* PW_View.swift in Sources */,
				DBA02F4C2C8FD7C2001C7661 /* EW_Feature.swift in Sources */,
				DBD0BE8A2C8752630058FF39 /* Utilities.swift in Sources */,
				DBADCEDD2C82C81F00E2AD15 /* Interval_TrainerApp.swift in Sources */,
			);
			runOnlyForDeploymentPostprocessing = 0;
		};
		DBADCEE62C82C82100E2AD15 /* Sources */ = {
			isa = PBXSourcesBuildPhase;
			buildActionMask = 2147483647;
			files = (
				DBADCEEF2C82C82100E2AD15 /* Interval_TrainerTests.swift in Sources */,
			);
			runOnlyForDeploymentPostprocessing = 0;
		};
		DBADCEF02C82C82100E2AD15 /* Sources */ = {
			isa = PBXSourcesBuildPhase;
			buildActionMask = 2147483647;
			files = (
				DBADCEF92C82C82100E2AD15 /* Interval_TrainerUITests.swift in Sources */,
				DBADCEFB2C82C82100E2AD15 /* Interval_TrainerUITestsLaunchTests.swift in Sources */,
			);
			runOnlyForDeploymentPostprocessing = 0;
		};
/* End PBXSourcesBuildPhase section */

/* Begin PBXTargetDependency section */
		DB9E730F2CA7AFBA00B2981F /* PBXTargetDependency */ = {
			isa = PBXTargetDependency;
			target = DB9E72FD2CA7AFBA00B2981F /* Interval Trainer Watch Watch App */;
			targetProxy = DB9E730E2CA7AFBA00B2981F /* PBXContainerItemProxy */;
		};
		DB9E73192CA7AFBB00B2981F /* PBXTargetDependency */ = {
			isa = PBXTargetDependency;
			target = DB9E72FD2CA7AFBA00B2981F /* Interval Trainer Watch Watch App */;
			targetProxy = DB9E73182CA7AFBB00B2981F /* PBXContainerItemProxy */;
		};
		DB9E73202CA7AFBB00B2981F /* PBXTargetDependency */ = {
			isa = PBXTargetDependency;
			target = DB9E72FD2CA7AFBA00B2981F /* Interval Trainer Watch Watch App */;
			targetProxy = DB9E731F2CA7AFBB00B2981F /* PBXContainerItemProxy */;
		};
		DBADCEEC2C82C82100E2AD15 /* PBXTargetDependency */ = {
			isa = PBXTargetDependency;
			target = DBADCED82C82C81F00E2AD15 /* Interval Trainer */;
			targetProxy = DBADCEEB2C82C82100E2AD15 /* PBXContainerItemProxy */;
		};
		DBADCEF62C82C82100E2AD15 /* PBXTargetDependency */ = {
			isa = PBXTargetDependency;
			target = DBADCED82C82C81F00E2AD15 /* Interval Trainer */;
			targetProxy = DBADCEF52C82C82100E2AD15 /* PBXContainerItemProxy */;
		};
/* End PBXTargetDependency section */

/* Begin XCBuildConfiguration section */
		DB9E73232CA7AFBB00B2981F /* Debug */ = {
			isa = XCBuildConfiguration;
			buildSettings = {
				ASSETCATALOG_COMPILER_APPICON_NAME = AppIcon;
				ASSETCATALOG_COMPILER_GENERATE_SWIFT_ASSET_SYMBOL_EXTENSIONS = YES;
				ASSETCATALOG_COMPILER_GLOBAL_ACCENT_COLOR_NAME = AccentColor;
				CODE_SIGN_ENTITLEMENTS = "Interval Trainer Watch Watch App/Interval Trainer Watch Watch App.entitlements";
				CODE_SIGN_IDENTITY = "Apple Development";
				"CODE_SIGN_IDENTITY[sdk=watchos*]" = "iPhone Distribution";
				CODE_SIGN_STYLE = Manual;
				CURRENT_PROJECT_VERSION = 1;
				DEVELOPMENT_ASSET_PATHS = "\"Interval Trainer Watch Watch App/Preview Content\"";
				DEVELOPMENT_TEAM = "";
				"DEVELOPMENT_TEAM[sdk=watchos*]" = 49S85J55Z4;
				ENABLE_PREVIEWS = YES;
				GCC_C_LANGUAGE_STANDARD = gnu17;
				GENERATE_INFOPLIST_FILE = YES;
				INFOPLIST_KEY_CFBundleDisplayName = "Interval Trainer";
				INFOPLIST_KEY_UISupportedInterfaceOrientations = "UIInterfaceOrientationPortrait UIInterfaceOrientationPortraitUpsideDown";
				INFOPLIST_KEY_WKCompanionAppBundleIdentifier = com.kinnectus.intervaltrainer;
				INFOPLIST_KEY_WKRunsIndependentlyOfCompanionApp = YES;
				INFOPLIST_KEY_WKWatchOnly = NO;
				LD_RUNPATH_SEARCH_PATHS = (
					"$(inherited)",
					"@executable_path/Frameworks",
				);
				LOCALIZATION_PREFERS_STRING_CATALOGS = YES;
				MARKETING_VERSION = 1.0;
				PRODUCT_BUNDLE_IDENTIFIER = com.kinnectus.intervaltrainer.watchkitapp;
				PRODUCT_NAME = "$(TARGET_NAME)";
				PROVISIONING_PROFILE_SPECIFIER = "";
				"PROVISIONING_PROFILE_SPECIFIER[sdk=watchos*]" = "Interval Trainer watchOS Ad Hoc";
				SDKROOT = watchos;
				SKIP_INSTALL = YES;
				SWIFT_ACTIVE_COMPILATION_CONDITIONS = "DEBUG $(inherited)";
				SWIFT_EMIT_LOC_STRINGS = YES;
				SWIFT_VERSION = 5.0;
				TARGETED_DEVICE_FAMILY = 4;
				WATCHOS_DEPLOYMENT_TARGET = 10.5;
			};
			name = Debug;
		};
		DB9E73242CA7AFBB00B2981F /* Release */ = {
			isa = XCBuildConfiguration;
			buildSettings = {
				ASSETCATALOG_COMPILER_APPICON_NAME = AppIcon;
				ASSETCATALOG_COMPILER_GENERATE_SWIFT_ASSET_SYMBOL_EXTENSIONS = YES;
				ASSETCATALOG_COMPILER_GLOBAL_ACCENT_COLOR_NAME = AccentColor;
				CODE_SIGN_ENTITLEMENTS = "Interval Trainer Watch Watch App/Interval Trainer Watch Watch App.entitlements";
				CODE_SIGN_IDENTITY = "Apple Development";
				"CODE_SIGN_IDENTITY[sdk=watchos*]" = "iPhone Distribution";
				CODE_SIGN_STYLE = Manual;
				CURRENT_PROJECT_VERSION = 1;
				DEVELOPMENT_ASSET_PATHS = "\"Interval Trainer Watch Watch App/Preview Content\"";
				DEVELOPMENT_TEAM = "";
				"DEVELOPMENT_TEAM[sdk=watchos*]" = 49S85J55Z4;
				ENABLE_PREVIEWS = YES;
				GCC_C_LANGUAGE_STANDARD = gnu17;
				GENERATE_INFOPLIST_FILE = YES;
				INFOPLIST_KEY_CFBundleDisplayName = "Interval Trainer";
				INFOPLIST_KEY_UISupportedInterfaceOrientations = "UIInterfaceOrientationPortrait UIInterfaceOrientationPortraitUpsideDown";
				INFOPLIST_KEY_WKCompanionAppBundleIdentifier = com.kinnectus.intervaltrainer;
				INFOPLIST_KEY_WKRunsIndependentlyOfCompanionApp = YES;
				INFOPLIST_KEY_WKWatchOnly = NO;
				LD_RUNPATH_SEARCH_PATHS = (
					"$(inherited)",
					"@executable_path/Frameworks",
				);
				LOCALIZATION_PREFERS_STRING_CATALOGS = YES;
				MARKETING_VERSION = 1.0;
				PRODUCT_BUNDLE_IDENTIFIER = com.kinnectus.intervaltrainer.watchkitapp;
				PRODUCT_NAME = "$(TARGET_NAME)";
				PROVISIONING_PROFILE_SPECIFIER = "";
				"PROVISIONING_PROFILE_SPECIFIER[sdk=watchos*]" = "Interval Trainer watchOS Ad Hoc";
				SDKROOT = watchos;
				SKIP_INSTALL = YES;
				SWIFT_EMIT_LOC_STRINGS = YES;
				SWIFT_VERSION = 5.0;
				TARGETED_DEVICE_FAMILY = 4;
				VALIDATE_PRODUCT = YES;
				WATCHOS_DEPLOYMENT_TARGET = 10.5;
			};
			name = Release;
		};
		DB9E73252CA7AFBB00B2981F /* Debug */ = {
			isa = XCBuildConfiguration;
			buildSettings = {
				ALWAYS_EMBED_SWIFT_STANDARD_LIBRARIES = YES;
				ASSETCATALOG_COMPILER_GENERATE_SWIFT_ASSET_SYMBOL_EXTENSIONS = YES;
				BUNDLE_LOADER = "$(TEST_HOST)";
				CODE_SIGN_STYLE = Automatic;
				CURRENT_PROJECT_VERSION = 1;
				DEVELOPMENT_TEAM = 49S85J55Z4;
				GCC_C_LANGUAGE_STANDARD = gnu17;
				GENERATE_INFOPLIST_FILE = YES;
				LOCALIZATION_PREFERS_STRING_CATALOGS = YES;
				MARKETING_VERSION = 1.0;
				PRODUCT_BUNDLE_IDENTIFIER = com.kinnectus.Intervaltrainer.;
				PRODUCT_NAME = "$(TARGET_NAME)";
				SDKROOT = watchos;
				SWIFT_ACTIVE_COMPILATION_CONDITIONS = "DEBUG $(inherited)";
				SWIFT_EMIT_LOC_STRINGS = NO;
				SWIFT_VERSION = 5.0;
				TARGETED_DEVICE_FAMILY = 4;
				TEST_HOST = "$(BUILT_PRODUCTS_DIR)/Interval Trainer Watch Watch App.app/$(BUNDLE_EXECUTABLE_FOLDER_PATH)/Interval Trainer Watch Watch App";
				WATCHOS_DEPLOYMENT_TARGET = 10.5;
			};
			name = Debug;
		};
		DB9E73262CA7AFBB00B2981F /* Release */ = {
			isa = XCBuildConfiguration;
			buildSettings = {
				ALWAYS_EMBED_SWIFT_STANDARD_LIBRARIES = YES;
				ASSETCATALOG_COMPILER_GENERATE_SWIFT_ASSET_SYMBOL_EXTENSIONS = YES;
				BUNDLE_LOADER = "$(TEST_HOST)";
				CODE_SIGN_STYLE = Automatic;
				CURRENT_PROJECT_VERSION = 1;
				DEVELOPMENT_TEAM = 49S85J55Z4;
				GCC_C_LANGUAGE_STANDARD = gnu17;
				GENERATE_INFOPLIST_FILE = YES;
				LOCALIZATION_PREFERS_STRING_CATALOGS = YES;
				MARKETING_VERSION = 1.0;
				PRODUCT_BUNDLE_IDENTIFIER = com.kinnectus.Intervaltrainer.;
				PRODUCT_NAME = "$(TARGET_NAME)";
				SDKROOT = watchos;
				SWIFT_EMIT_LOC_STRINGS = NO;
				SWIFT_VERSION = 5.0;
				TARGETED_DEVICE_FAMILY = 4;
				TEST_HOST = "$(BUILT_PRODUCTS_DIR)/Interval Trainer Watch Watch App.app/$(BUNDLE_EXECUTABLE_FOLDER_PATH)/Interval Trainer Watch Watch App";
				VALIDATE_PRODUCT = YES;
				WATCHOS_DEPLOYMENT_TARGET = 10.5;
			};
			name = Release;
		};
		DB9E73272CA7AFBB00B2981F /* Debug */ = {
			isa = XCBuildConfiguration;
			buildSettings = {
				ALWAYS_EMBED_SWIFT_STANDARD_LIBRARIES = YES;
				ASSETCATALOG_COMPILER_GENERATE_SWIFT_ASSET_SYMBOL_EXTENSIONS = YES;
				CODE_SIGN_STYLE = Automatic;
				CURRENT_PROJECT_VERSION = 1;
				DEVELOPMENT_TEAM = 49S85J55Z4;
				GCC_C_LANGUAGE_STANDARD = gnu17;
				GENERATE_INFOPLIST_FILE = YES;
				LOCALIZATION_PREFERS_STRING_CATALOGS = YES;
				MARKETING_VERSION = 1.0;
				PRODUCT_BUNDLE_IDENTIFIER = com.kinnectus.Intervaltrainer.;
				PRODUCT_NAME = "$(TARGET_NAME)";
				SDKROOT = watchos;
				SWIFT_ACTIVE_COMPILATION_CONDITIONS = "DEBUG $(inherited)";
				SWIFT_EMIT_LOC_STRINGS = NO;
				SWIFT_VERSION = 5.0;
				TARGETED_DEVICE_FAMILY = 4;
				TEST_TARGET_NAME = "Interval Trainer Watch Watch App";
				WATCHOS_DEPLOYMENT_TARGET = 10.5;
			};
			name = Debug;
		};
		DB9E73282CA7AFBB00B2981F /* Release */ = {
			isa = XCBuildConfiguration;
			buildSettings = {
				ALWAYS_EMBED_SWIFT_STANDARD_LIBRARIES = YES;
				ASSETCATALOG_COMPILER_GENERATE_SWIFT_ASSET_SYMBOL_EXTENSIONS = YES;
				CODE_SIGN_STYLE = Automatic;
				CURRENT_PROJECT_VERSION = 1;
				DEVELOPMENT_TEAM = 49S85J55Z4;
				GCC_C_LANGUAGE_STANDARD = gnu17;
				GENERATE_INFOPLIST_FILE = YES;
				LOCALIZATION_PREFERS_STRING_CATALOGS = YES;
				MARKETING_VERSION = 1.0;
				PRODUCT_BUNDLE_IDENTIFIER = com.kinnectus.Intervaltrainer.;
				PRODUCT_NAME = "$(TARGET_NAME)";
				SDKROOT = watchos;
				SWIFT_EMIT_LOC_STRINGS = NO;
				SWIFT_VERSION = 5.0;
				TARGETED_DEVICE_FAMILY = 4;
				TEST_TARGET_NAME = "Interval Trainer Watch Watch App";
				VALIDATE_PRODUCT = YES;
				WATCHOS_DEPLOYMENT_TARGET = 10.5;
			};
			name = Release;
		};
		DBADCEFC2C82C82100E2AD15 /* Debug */ = {
			isa = XCBuildConfiguration;
			buildSettings = {
				ALWAYS_SEARCH_USER_PATHS = NO;
				CLANG_ANALYZER_NONNULL = YES;
				CLANG_ANALYZER_NUMBER_OBJECT_CONVERSION = YES_AGGRESSIVE;
				CLANG_CXX_LANGUAGE_STANDARD = "gnu++20";
				CLANG_ENABLE_MODULES = YES;
				CLANG_ENABLE_OBJC_ARC = YES;
				CLANG_ENABLE_OBJC_WEAK = YES;
				CLANG_WARN_BLOCK_CAPTURE_AUTORELEASING = YES;
				CLANG_WARN_BOOL_CONVERSION = YES;
				CLANG_WARN_COMMA = YES;
				CLANG_WARN_CONSTANT_CONVERSION = YES;
				CLANG_WARN_DEPRECATED_OBJC_IMPLEMENTATIONS = YES;
				CLANG_WARN_DIRECT_OBJC_ISA_USAGE = YES_ERROR;
				CLANG_WARN_DOCUMENTATION_COMMENTS = YES;
				CLANG_WARN_EMPTY_BODY = YES;
				CLANG_WARN_ENUM_CONVERSION = YES;
				CLANG_WARN_INFINITE_RECURSION = YES;
				CLANG_WARN_INT_CONVERSION = YES;
				CLANG_WARN_NON_LITERAL_NULL_CONVERSION = YES;
				CLANG_WARN_OBJC_IMPLICIT_RETAIN_SELF = YES;
				CLANG_WARN_OBJC_LITERAL_CONVERSION = YES;
				CLANG_WARN_OBJC_ROOT_CLASS = YES_ERROR;
				CLANG_WARN_QUOTED_INCLUDE_IN_FRAMEWORK_HEADER = YES;
				CLANG_WARN_RANGE_LOOP_ANALYSIS = YES;
				CLANG_WARN_STRICT_PROTOTYPES = YES;
				CLANG_WARN_SUSPICIOUS_MOVE = YES;
				CLANG_WARN_UNGUARDED_AVAILABILITY = YES_AGGRESSIVE;
				CLANG_WARN_UNREACHABLE_CODE = YES;
				CLANG_WARN__DUPLICATE_METHOD_MATCH = YES;
				COPY_PHASE_STRIP = NO;
				DEAD_CODE_STRIPPING = YES;
				DEBUG_INFORMATION_FORMAT = dwarf;
				ENABLE_STRICT_OBJC_MSGSEND = YES;
				ENABLE_TESTABILITY = YES;
				ENABLE_USER_SCRIPT_SANDBOXING = YES;
				GCC_C_LANGUAGE_STANDARD = gnu11;
				GCC_DYNAMIC_NO_PIC = NO;
				GCC_NO_COMMON_BLOCKS = YES;
				GCC_OPTIMIZATION_LEVEL = 0;
				GCC_PREPROCESSOR_DEFINITIONS = (
					"DEBUG=1",
					"$(inherited)",
				);
				GCC_WARN_64_TO_32_BIT_CONVERSION = YES;
				GCC_WARN_ABOUT_RETURN_TYPE = YES_ERROR;
				GCC_WARN_UNDECLARED_SELECTOR = YES;
				GCC_WARN_UNINITIALIZED_AUTOS = YES_AGGRESSIVE;
				GCC_WARN_UNUSED_FUNCTION = YES;
				GCC_WARN_UNUSED_VARIABLE = YES;
				MACOSX_DEPLOYMENT_TARGET = 12.6;
				MTL_ENABLE_DEBUG_INFO = INCLUDE_SOURCE;
				MTL_FAST_MATH = YES;
				ONLY_ACTIVE_ARCH = YES;
				SDKROOT = macosx;
				SWIFT_ACTIVE_COMPILATION_CONDITIONS = DEBUG;
				SWIFT_OPTIMIZATION_LEVEL = "-Onone";
			};
			name = Debug;
		};
		DBADCEFD2C82C82100E2AD15 /* Release */ = {
			isa = XCBuildConfiguration;
			buildSettings = {
				ALWAYS_SEARCH_USER_PATHS = NO;
				CLANG_ANALYZER_NONNULL = YES;
				CLANG_ANALYZER_NUMBER_OBJECT_CONVERSION = YES_AGGRESSIVE;
				CLANG_CXX_LANGUAGE_STANDARD = "gnu++20";
				CLANG_ENABLE_MODULES = YES;
				CLANG_ENABLE_OBJC_ARC = YES;
				CLANG_ENABLE_OBJC_WEAK = YES;
				CLANG_WARN_BLOCK_CAPTURE_AUTORELEASING = YES;
				CLANG_WARN_BOOL_CONVERSION = YES;
				CLANG_WARN_COMMA = YES;
				CLANG_WARN_CONSTANT_CONVERSION = YES;
				CLANG_WARN_DEPRECATED_OBJC_IMPLEMENTATIONS = YES;
				CLANG_WARN_DIRECT_OBJC_ISA_USAGE = YES_ERROR;
				CLANG_WARN_DOCUMENTATION_COMMENTS = YES;
				CLANG_WARN_EMPTY_BODY = YES;
				CLANG_WARN_ENUM_CONVERSION = YES;
				CLANG_WARN_INFINITE_RECURSION = YES;
				CLANG_WARN_INT_CONVERSION = YES;
				CLANG_WARN_NON_LITERAL_NULL_CONVERSION = YES;
				CLANG_WARN_OBJC_IMPLICIT_RETAIN_SELF = YES;
				CLANG_WARN_OBJC_LITERAL_CONVERSION = YES;
				CLANG_WARN_OBJC_ROOT_CLASS = YES_ERROR;
				CLANG_WARN_QUOTED_INCLUDE_IN_FRAMEWORK_HEADER = YES;
				CLANG_WARN_RANGE_LOOP_ANALYSIS = YES;
				CLANG_WARN_STRICT_PROTOTYPES = YES;
				CLANG_WARN_SUSPICIOUS_MOVE = YES;
				CLANG_WARN_UNGUARDED_AVAILABILITY = YES_AGGRESSIVE;
				CLANG_WARN_UNREACHABLE_CODE = YES;
				CLANG_WARN__DUPLICATE_METHOD_MATCH = YES;
				COPY_PHASE_STRIP = NO;
				DEAD_CODE_STRIPPING = YES;
				DEBUG_INFORMATION_FORMAT = "dwarf-with-dsym";
				ENABLE_NS_ASSERTIONS = NO;
				ENABLE_STRICT_OBJC_MSGSEND = YES;
				ENABLE_USER_SCRIPT_SANDBOXING = YES;
				GCC_C_LANGUAGE_STANDARD = gnu11;
				GCC_NO_COMMON_BLOCKS = YES;
				GCC_WARN_64_TO_32_BIT_CONVERSION = YES;
				GCC_WARN_ABOUT_RETURN_TYPE = YES_ERROR;
				GCC_WARN_UNDECLARED_SELECTOR = YES;
				GCC_WARN_UNINITIALIZED_AUTOS = YES_AGGRESSIVE;
				GCC_WARN_UNUSED_FUNCTION = YES;
				GCC_WARN_UNUSED_VARIABLE = YES;
				MACOSX_DEPLOYMENT_TARGET = 12.6;
				MTL_ENABLE_DEBUG_INFO = NO;
				MTL_FAST_MATH = YES;
				SDKROOT = macosx;
				SWIFT_COMPILATION_MODE = wholemodule;
				SWIFT_OPTIMIZATION_LEVEL = "-O";
			};
			name = Release;
		};
		DBADCEFF2C82C82100E2AD15 /* Debug */ = {
			isa = XCBuildConfiguration;
			buildSettings = {
				ALWAYS_EMBED_SWIFT_STANDARD_LIBRARIES = YES;
				ASSETCATALOG_COMPILER_APPICON_NAME = AppIcon;
				ASSETCATALOG_COMPILER_GLOBAL_ACCENT_COLOR_NAME = AccentColor;
				CODE_SIGN_ENTITLEMENTS = "Interval Trainer/Interval_Trainer.entitlements";
				CODE_SIGN_IDENTITY = "Apple Development";
				"CODE_SIGN_IDENTITY[sdk=iphoneos*]" = "iPhone Distribution";
				CODE_SIGN_STYLE = Manual;
				COMBINE_HIDPI_IMAGES = YES;
				CURRENT_PROJECT_VERSION = 1;
				DEAD_CODE_STRIPPING = YES;
				DEVELOPMENT_ASSET_PATHS = "\"Interval Trainer/Preview Content\"";
				DEVELOPMENT_TEAM = "";
				"DEVELOPMENT_TEAM[sdk=iphoneos*]" = 49S85J55Z4;
				ENABLE_HARDENED_RUNTIME = YES;
				ENABLE_PREVIEWS = YES;
				GENERATE_INFOPLIST_FILE = YES;
				INFOPLIST_FILE = "Interval-Trainer-Info.plist";
				INFOPLIST_KEY_CFBundleDisplayName = "Interval Trainer";
				INFOPLIST_KEY_LSApplicationCategoryType = "public.app-category.healthcare-fitness";
				INFOPLIST_KEY_NSHealthShareUsageDescription = "We need access to your health data to track your workouts and calculate calories burned.";
				INFOPLIST_KEY_NSHealthUpdateUsageDescription = "We need permission to save your workout data and calories burned to your Health app.";
				INFOPLIST_KEY_NSHumanReadableCopyright = "";
				INFOPLIST_KEY_UILaunchStoryboardName = "Launch Screen.storyboard";
				INFOPLIST_KEY_UISupportedInterfaceOrientations = "UIInterfaceOrientationLandscapeLeft UIInterfaceOrientationLandscapeRight UIInterfaceOrientationPortrait";
				IPHONEOS_DEPLOYMENT_TARGET = 17.0;
				LD_RUNPATH_SEARCH_PATHS = (
					"$(inherited)",
					"@executable_path/../Frameworks",
				);
				MARKETING_VERSION = 1.0;
				PRODUCT_BUNDLE_IDENTIFIER = com.kinnectus.intervaltrainer;
				PRODUCT_NAME = "$(TARGET_NAME)";
				PROVISIONING_PROFILE_SPECIFIER = "";
				"PROVISIONING_PROFILE_SPECIFIER[sdk=iphoneos*]" = "Interval Trainer iOS Ad Hoc";
				SUPPORTED_PLATFORMS = "iphoneos iphonesimulator macosx";
				SUPPORTS_MACCATALYST = NO;
				SWIFT_EMIT_LOC_STRINGS = YES;
				SWIFT_VERSION = 5.0;
				TARGETED_DEVICE_FAMILY = 1;
			};
			name = Debug;
		};
		DBADCF002C82C82100E2AD15 /* Release */ = {
			isa = XCBuildConfiguration;
			buildSettings = {
				ALWAYS_EMBED_SWIFT_STANDARD_LIBRARIES = YES;
				ASSETCATALOG_COMPILER_APPICON_NAME = AppIcon;
				ASSETCATALOG_COMPILER_GLOBAL_ACCENT_COLOR_NAME = AccentColor;
				CODE_SIGN_ENTITLEMENTS = "Interval Trainer/Interval_Trainer.entitlements";
				CODE_SIGN_IDENTITY = "Apple Development";
				"CODE_SIGN_IDENTITY[sdk=iphoneos*]" = "iPhone Distribution";
				CODE_SIGN_STYLE = Manual;
				COMBINE_HIDPI_IMAGES = YES;
				CURRENT_PROJECT_VERSION = 1;
				DEAD_CODE_STRIPPING = YES;
				DEVELOPMENT_ASSET_PATHS = "\"Interval Trainer/Preview Content\"";
				DEVELOPMENT_TEAM = "";
				"DEVELOPMENT_TEAM[sdk=iphoneos*]" = 49S85J55Z4;
				ENABLE_HARDENED_RUNTIME = YES;
				ENABLE_PREVIEWS = YES;
				GENERATE_INFOPLIST_FILE = YES;
				INFOPLIST_FILE = "Interval-Trainer-Info.plist";
				INFOPLIST_KEY_CFBundleDisplayName = "Interval Trainer";
				INFOPLIST_KEY_LSApplicationCategoryType = "public.app-category.healthcare-fitness";
				INFOPLIST_KEY_NSHealthShareUsageDescription = "We need access to your health data to track your workouts and calculate calories burned.";
				INFOPLIST_KEY_NSHealthUpdateUsageDescription = "We need permission to save your workout data and calories burned to your Health app.";
				INFOPLIST_KEY_NSHumanReadableCopyright = "";
				INFOPLIST_KEY_UILaunchStoryboardName = "Launch Screen.storyboard";
				INFOPLIST_KEY_UISupportedInterfaceOrientations = "UIInterfaceOrientationLandscapeLeft UIInterfaceOrientationLandscapeRight UIInterfaceOrientationPortrait";
				IPHONEOS_DEPLOYMENT_TARGET = 17.0;
				LD_RUNPATH_SEARCH_PATHS = (
					"$(inherited)",
					"@executable_path/../Frameworks",
				);
				MARKETING_VERSION = 1.0;
				PRODUCT_BUNDLE_IDENTIFIER = com.kinnectus.intervaltrainer;
				PRODUCT_NAME = "$(TARGET_NAME)";
				PROVISIONING_PROFILE_SPECIFIER = "";
				"PROVISIONING_PROFILE_SPECIFIER[sdk=iphoneos*]" = "Interval Trainer iOS Ad Hoc";
				SUPPORTED_PLATFORMS = "iphoneos iphonesimulator macosx";
				SUPPORTS_MACCATALYST = NO;
				SWIFT_EMIT_LOC_STRINGS = YES;
				SWIFT_VERSION = 5.0;
				TARGETED_DEVICE_FAMILY = 1;
			};
			name = Release;
		};
		DBADCF022C82C82100E2AD15 /* Debug */ = {
			isa = XCBuildConfiguration;
			buildSettings = {
				ALWAYS_EMBED_SWIFT_STANDARD_LIBRARIES = YES;
				BUNDLE_LOADER = "$(TEST_HOST)";
				CODE_SIGN_STYLE = Automatic;
				CURRENT_PROJECT_VERSION = 1;
				DEAD_CODE_STRIPPING = YES;
				DEVELOPMENT_TEAM = F367FQQ7Q2;
				GENERATE_INFOPLIST_FILE = YES;
				MACOSX_DEPLOYMENT_TARGET = 12.6;
				MARKETING_VERSION = 1.0;
				PRODUCT_BUNDLE_IDENTIFIER = "com.kinnectus.Interval-TrainerTests";
				PRODUCT_NAME = "$(TARGET_NAME)";
				SUPPORTED_PLATFORMS = "iphoneos iphonesimulator macosx";
				SUPPORTS_MACCATALYST = NO;
				SWIFT_EMIT_LOC_STRINGS = NO;
				SWIFT_VERSION = 5.0;
				TARGETED_DEVICE_FAMILY = 1;
				TEST_HOST = "$(BUILT_PRODUCTS_DIR)/Interval Trainer.app/$(BUNDLE_EXECUTABLE_FOLDER_PATH)/Interval Trainer";
			};
			name = Debug;
		};
		DBADCF032C82C82100E2AD15 /* Release */ = {
			isa = XCBuildConfiguration;
			buildSettings = {
				ALWAYS_EMBED_SWIFT_STANDARD_LIBRARIES = YES;
				BUNDLE_LOADER = "$(TEST_HOST)";
				CODE_SIGN_STYLE = Automatic;
				CURRENT_PROJECT_VERSION = 1;
				DEAD_CODE_STRIPPING = YES;
				DEVELOPMENT_TEAM = F367FQQ7Q2;
				GENERATE_INFOPLIST_FILE = YES;
				MACOSX_DEPLOYMENT_TARGET = 12.6;
				MARKETING_VERSION = 1.0;
				PRODUCT_BUNDLE_IDENTIFIER = "com.kinnectus.Interval-TrainerTests";
				PRODUCT_NAME = "$(TARGET_NAME)";
				SUPPORTED_PLATFORMS = "iphoneos iphonesimulator macosx";
				SUPPORTS_MACCATALYST = NO;
				SWIFT_EMIT_LOC_STRINGS = NO;
				SWIFT_VERSION = 5.0;
				TARGETED_DEVICE_FAMILY = 1;
				TEST_HOST = "$(BUILT_PRODUCTS_DIR)/Interval Trainer.app/$(BUNDLE_EXECUTABLE_FOLDER_PATH)/Interval Trainer";
			};
			name = Release;
		};
		DBADCF052C82C82100E2AD15 /* Debug */ = {
			isa = XCBuildConfiguration;
			buildSettings = {
				ALWAYS_EMBED_SWIFT_STANDARD_LIBRARIES = YES;
				CODE_SIGN_STYLE = Automatic;
				CURRENT_PROJECT_VERSION = 1;
				DEAD_CODE_STRIPPING = YES;
				DEVELOPMENT_TEAM = F367FQQ7Q2;
				GENERATE_INFOPLIST_FILE = YES;
				MARKETING_VERSION = 1.0;
				PRODUCT_BUNDLE_IDENTIFIER = "com.kinnectus.Interval-TrainerUITests";
				PRODUCT_NAME = "$(TARGET_NAME)";
				SWIFT_EMIT_LOC_STRINGS = NO;
				SWIFT_VERSION = 5.0;
				TEST_TARGET_NAME = "Interval Trainer";
			};
			name = Debug;
		};
		DBADCF062C82C82100E2AD15 /* Release */ = {
			isa = XCBuildConfiguration;
			buildSettings = {
				ALWAYS_EMBED_SWIFT_STANDARD_LIBRARIES = YES;
				CODE_SIGN_STYLE = Automatic;
				CURRENT_PROJECT_VERSION = 1;
				DEAD_CODE_STRIPPING = YES;
				DEVELOPMENT_TEAM = F367FQQ7Q2;
				GENERATE_INFOPLIST_FILE = YES;
				MARKETING_VERSION = 1.0;
				PRODUCT_BUNDLE_IDENTIFIER = "com.kinnectus.Interval-TrainerUITests";
				PRODUCT_NAME = "$(TARGET_NAME)";
				SWIFT_EMIT_LOC_STRINGS = NO;
				SWIFT_VERSION = 5.0;
				TEST_TARGET_NAME = "Interval Trainer";
			};
			name = Release;
		};
/* End XCBuildConfiguration section */

/* Begin XCConfigurationList section */
		DB9E73292CA7AFBB00B2981F /* Build configuration list for PBXNativeTarget "Interval Trainer Watch Watch App" */ = {
			isa = XCConfigurationList;
			buildConfigurations = (
				DB9E73232CA7AFBB00B2981F /* Debug */,
				DB9E73242CA7AFBB00B2981F /* Release */,
			);
			defaultConfigurationIsVisible = 0;
			defaultConfigurationName = Release;
		};
		DB9E732A2CA7AFBB00B2981F /* Build configuration list for PBXNativeTarget "Interval Trainer Watch Watch AppTests" */ = {
			isa = XCConfigurationList;
			buildConfigurations = (
				DB9E73252CA7AFBB00B2981F /* Debug */,
				DB9E73262CA7AFBB00B2981F /* Release */,
			);
			defaultConfigurationIsVisible = 0;
			defaultConfigurationName = Release;
		};
		DB9E732B2CA7AFBB00B2981F /* Build configuration list for PBXNativeTarget "Interval Trainer Watch Watch AppUITests" */ = {
			isa = XCConfigurationList;
			buildConfigurations = (
				DB9E73272CA7AFBB00B2981F /* Debug */,
				DB9E73282CA7AFBB00B2981F /* Release */,
			);
			defaultConfigurationIsVisible = 0;
			defaultConfigurationName = Release;
		};
		DBADCED42C82C81F00E2AD15 /* Build configuration list for PBXProject "Interval Trainer" */ = {
			isa = XCConfigurationList;
			buildConfigurations = (
				DBADCEFC2C82C82100E2AD15 /* Debug */,
				DBADCEFD2C82C82100E2AD15 /* Release */,
			);
			defaultConfigurationIsVisible = 0;
			defaultConfigurationName = Release;
		};
		DBADCEFE2C82C82100E2AD15 /* Build configuration list for PBXNativeTarget "Interval Trainer" */ = {
			isa = XCConfigurationList;
			buildConfigurations = (
				DBADCEFF2C82C82100E2AD15 /* Debug */,
				DBADCF002C82C82100E2AD15 /* Release */,
			);
			defaultConfigurationIsVisible = 0;
			defaultConfigurationName = Release;
		};
		DBADCF012C82C82100E2AD15 /* Build configuration list for PBXNativeTarget "Interval TrainerTests" */ = {
			isa = XCConfigurationList;
			buildConfigurations = (
				DBADCF022C82C82100E2AD15 /* Debug */,
				DBADCF032C82C82100E2AD15 /* Release */,
			);
			defaultConfigurationIsVisible = 0;
			defaultConfigurationName = Release;
		};
		DBADCF042C82C82100E2AD15 /* Build configuration list for PBXNativeTarget "Interval TrainerUITests" */ = {
			isa = XCConfigurationList;
			buildConfigurations = (
				DBADCF052C82C82100E2AD15 /* Debug */,
				DBADCF062C82C82100E2AD15 /* Release */,
			);
			defaultConfigurationIsVisible = 0;
			defaultConfigurationName = Release;
		};
/* End XCConfigurationList section */

/* Begin XCRemoteSwiftPackageReference section */
		DBD0BE7A2C851D780058FF39 /* XCRemoteSwiftPackageReference "swift-composable-architecture" */ = {
			isa = XCRemoteSwiftPackageReference;
			repositoryURL = "https://github.com/pointfreeco/swift-composable-architecture";
			requirement = {
				kind = exactVersion;
				version = 1.14.0;
			};
		};
/* End XCRemoteSwiftPackageReference section */

/* Begin XCSwiftPackageProductDependency section */
		DB3CAB6C2CA7B71000300322 /* ComposableArchitecture */ = {
			isa = XCSwiftPackageProductDependency;
			package = DBD0BE7A2C851D780058FF39 /* XCRemoteSwiftPackageReference "swift-composable-architecture" */;
			productName = ComposableArchitecture;
		};
		DBD0BE7B2C851D780058FF39 /* ComposableArchitecture */ = {
			isa = XCSwiftPackageProductDependency;
			package = DBD0BE7A2C851D780058FF39 /* XCRemoteSwiftPackageReference "swift-composable-architecture" */;
			productName = ComposableArchitecture;
		};
/* End XCSwiftPackageProductDependency section */
	};
	rootObject = DBADCED12C82C81F00E2AD15 /* Project object */;
}
