// !$*UTF8*$!
{
	archiveVersion = 1;
	classes = {
	};
	objectVersion = 56;
	objects = {

/* Begin PBXBuildFile section */
		DBA02F3C2C8BEC33001C7661 /* Launch Screen.storyboard in Resources */ = {isa = PBXBuildFile; fileRef = DBA02F3B2C8BEC33001C7661 /* Launch Screen.storyboard */; };
		DBA02F3E2C8CCCF1001C7661 /* AddInterval.swift in Sources */ = {isa = PBXBuildFile; fileRef = DBA02F3D2C8CCCF1001C7661 /* AddInterval.swift */; };
		DBA02F402C8CD2B2001C7661 /* AddPhase.swift in Sources */ = {isa = PBXBuildFile; fileRef = DBA02F3F2C8CD2B2001C7661 /* AddPhase.swift */; };
		DBA02F422C8CD2B7001C7661 /* EditPhase.swift in Sources */ = {isa = PBXBuildFile; fileRef = DBA02F412C8CD2B7001C7661 /* EditPhase.swift */; };
		DBA02F442C8D20FB001C7661 /* EditInterval.swift in Sources */ = {isa = PBXBuildFile; fileRef = DBA02F432C8D20FB001C7661 /* EditInterval.swift */; };
		DBA02F462C8D670C001C7661 /* DuplicateInterval.swift in Sources */ = {isa = PBXBuildFile; fileRef = DBA02F452C8D670C001C7661 /* DuplicateInterval.swift */; };
		DBA02F482C8DDE73001C7661 /* PerformWorkout.swift in Sources */ = {isa = PBXBuildFile; fileRef = DBA02F472C8DDE73001C7661 /* PerformWorkout.swift */; };
		DBA02F4C2C8FD7C2001C7661 /* EditWorkout.swift in Sources */ = {isa = PBXBuildFile; fileRef = DBA02F4B2C8FD7C2001C7661 /* EditWorkout.swift */; };
		DBA02F4E2C908B21001C7661 /* WorkoutComplete.swift in Sources */ = {isa = PBXBuildFile; fileRef = DBA02F4D2C908B21001C7661 /* WorkoutComplete.swift */; };
		DBADCEDD2C82C81F00E2AD15 /* Interval_TrainerApp.swift in Sources */ = {isa = PBXBuildFile; fileRef = DBADCEDC2C82C81F00E2AD15 /* Interval_TrainerApp.swift */; };
		DBADCEE12C82C82100E2AD15 /* Assets.xcassets in Resources */ = {isa = PBXBuildFile; fileRef = DBADCEE02C82C82100E2AD15 /* Assets.xcassets */; };
		DBADCEE42C82C82100E2AD15 /* Preview Assets.xcassets in Resources */ = {isa = PBXBuildFile; fileRef = DBADCEE32C82C82100E2AD15 /* Preview Assets.xcassets */; };
		DBADCEEF2C82C82100E2AD15 /* Interval_TrainerTests.swift in Sources */ = {isa = PBXBuildFile; fileRef = DBADCEEE2C82C82100E2AD15 /* Interval_TrainerTests.swift */; };
		DBADCEF92C82C82100E2AD15 /* Interval_TrainerUITests.swift in Sources */ = {isa = PBXBuildFile; fileRef = DBADCEF82C82C82100E2AD15 /* Interval_TrainerUITests.swift */; };
		DBADCEFB2C82C82100E2AD15 /* Interval_TrainerUITestsLaunchTests.swift in Sources */ = {isa = PBXBuildFile; fileRef = DBADCEFA2C82C82100E2AD15 /* Interval_TrainerUITestsLaunchTests.swift */; };
		DBD0BE7C2C851D780058FF39 /* ComposableArchitecture in Frameworks */ = {isa = PBXBuildFile; productRef = DBD0BE7B2C851D780058FF39 /* ComposableArchitecture */; };
		DBD0BE7E2C8750CE0058FF39 /* AppFeature.swift in Sources */ = {isa = PBXBuildFile; fileRef = DBD0BE7D2C8750CE0058FF39 /* AppFeature.swift */; };
		DBD0BE802C8750F60058FF39 /* Login.swift in Sources */ = {isa = PBXBuildFile; fileRef = DBD0BE7F2C8750F60058FF39 /* Login.swift */; };
		DBD0BE822C87511E0058FF39 /* Home.swift in Sources */ = {isa = PBXBuildFile; fileRef = DBD0BE812C87511E0058FF39 /* Home.swift */; };
		DBD0BE842C87515A0058FF39 /* WorkoutSummary.swift in Sources */ = {isa = PBXBuildFile; fileRef = DBD0BE832C87515A0058FF39 /* WorkoutSummary.swift */; };
		DBD0BE862C8751940058FF39 /* CompletedWorkouts.swift in Sources */ = {isa = PBXBuildFile; fileRef = DBD0BE852C8751940058FF39 /* CompletedWorkouts.swift */; };
		DBD0BE882C8752440058FF39 /* WorkoutPlans.swift in Sources */ = {isa = PBXBuildFile; fileRef = DBD0BE872C8752440058FF39 /* WorkoutPlans.swift */; };
		DBD0BE8A2C8752630058FF39 /* Utilities.swift in Sources */ = {isa = PBXBuildFile; fileRef = DBD0BE892C8752630058FF39 /* Utilities.swift */; };
		DBD0BE8C2C8810D90058FF39 /* WorkoutCreation.swift in Sources */ = {isa = PBXBuildFile; fileRef = DBD0BE8B2C8810D90058FF39 /* WorkoutCreation.swift */; };
/* End PBXBuildFile section */

/* Begin PBXContainerItemProxy section */
		DBADCEEB2C82C82100E2AD15 /* PBXContainerItemProxy */ = {
			isa = PBXContainerItemProxy;
			containerPortal = DBADCED12C82C81F00E2AD15 /* Project object */;
			proxyType = 1;
			remoteGlobalIDString = DBADCED82C82C81F00E2AD15;
			remoteInfo = "Interval Trainer";
		};
		DBADCEF52C82C82100E2AD15 /* PBXContainerItemProxy */ = {
			isa = PBXContainerItemProxy;
			containerPortal = DBADCED12C82C81F00E2AD15 /* Project object */;
			proxyType = 1;
			remoteGlobalIDString = DBADCED82C82C81F00E2AD15;
			remoteInfo = "Interval Trainer";
		};
/* End PBXContainerItemProxy section */

/* Begin PBXFileReference section */
		DBA02F3B2C8BEC33001C7661 /* Launch Screen.storyboard */ = {isa = PBXFileReference; lastKnownFileType = file.storyboard; path = "Launch Screen.storyboard"; sourceTree = "<group>"; };
		DBA02F3D2C8CCCF1001C7661 /* AddInterval.swift */ = {isa = PBXFileReference; lastKnownFileType = sourcecode.swift; path = AddInterval.swift; sourceTree = "<group>"; };
		DBA02F3F2C8CD2B2001C7661 /* AddPhase.swift */ = {isa = PBXFileReference; lastKnownFileType = sourcecode.swift; path = AddPhase.swift; sourceTree = "<group>"; };
		DBA02F412C8CD2B7001C7661 /* EditPhase.swift */ = {isa = PBXFileReference; lastKnownFileType = sourcecode.swift; path = EditPhase.swift; sourceTree = "<group>"; };
		DBA02F432C8D20FB001C7661 /* EditInterval.swift */ = {isa = PBXFileReference; lastKnownFileType = sourcecode.swift; path = EditInterval.swift; sourceTree = "<group>"; };
		DBA02F452C8D670C001C7661 /* DuplicateInterval.swift */ = {isa = PBXFileReference; lastKnownFileType = sourcecode.swift; path = DuplicateInterval.swift; sourceTree = "<group>"; };
		DBA02F472C8DDE73001C7661 /* PerformWorkout.swift */ = {isa = PBXFileReference; lastKnownFileType = sourcecode.swift; path = PerformWorkout.swift; sourceTree = "<group>"; };
		DBA02F4B2C8FD7C2001C7661 /* EditWorkout.swift */ = {isa = PBXFileReference; fileEncoding = 4; lastKnownFileType = sourcecode.swift; path = EditWorkout.swift; sourceTree = "<group>"; };
		DBA02F4D2C908B21001C7661 /* WorkoutComplete.swift */ = {isa = PBXFileReference; lastKnownFileType = sourcecode.swift; path = WorkoutComplete.swift; sourceTree = "<group>"; };
		DBADCED92C82C81F00E2AD15 /* Interval Trainer.app */ = {isa = PBXFileReference; explicitFileType = wrapper.application; includeInIndex = 0; path = "Interval Trainer.app"; sourceTree = BUILT_PRODUCTS_DIR; };
		DBADCEDC2C82C81F00E2AD15 /* Interval_TrainerApp.swift */ = {isa = PBXFileReference; lastKnownFileType = sourcecode.swift; path = Interval_TrainerApp.swift; sourceTree = "<group>"; };
		DBADCEE02C82C82100E2AD15 /* Assets.xcassets */ = {isa = PBXFileReference; lastKnownFileType = folder.assetcatalog; path = Assets.xcassets; sourceTree = "<group>"; };
		DBADCEE32C82C82100E2AD15 /* Preview Assets.xcassets */ = {isa = PBXFileReference; lastKnownFileType = folder.assetcatalog; path = "Preview Assets.xcassets"; sourceTree = "<group>"; };
		DBADCEE52C82C82100E2AD15 /* Interval_Trainer.entitlements */ = {isa = PBXFileReference; lastKnownFileType = text.plist.entitlements; path = Interval_Trainer.entitlements; sourceTree = "<group>"; };
		DBADCEEA2C82C82100E2AD15 /* Interval TrainerTests.xctest */ = {isa = PBXFileReference; explicitFileType = wrapper.cfbundle; includeInIndex = 0; path = "Interval TrainerTests.xctest"; sourceTree = BUILT_PRODUCTS_DIR; };
		DBADCEEE2C82C82100E2AD15 /* Interval_TrainerTests.swift */ = {isa = PBXFileReference; lastKnownFileType = sourcecode.swift; path = Interval_TrainerTests.swift; sourceTree = "<group>"; };
		DBADCEF42C82C82100E2AD15 /* Interval TrainerUITests.xctest */ = {isa = PBXFileReference; explicitFileType = wrapper.cfbundle; includeInIndex = 0; path = "Interval TrainerUITests.xctest"; sourceTree = BUILT_PRODUCTS_DIR; };
		DBADCEF82C82C82100E2AD15 /* Interval_TrainerUITests.swift */ = {isa = PBXFileReference; lastKnownFileType = sourcecode.swift; path = Interval_TrainerUITests.swift; sourceTree = "<group>"; };
		DBADCEFA2C82C82100E2AD15 /* Interval_TrainerUITestsLaunchTests.swift */ = {isa = PBXFileReference; lastKnownFileType = sourcecode.swift; path = Interval_TrainerUITestsLaunchTests.swift; sourceTree = "<group>"; };
		DBD0BE7D2C8750CE0058FF39 /* AppFeature.swift */ = {isa = PBXFileReference; lastKnownFileType = sourcecode.swift; path = AppFeature.swift; sourceTree = "<group>"; };
		DBD0BE7F2C8750F60058FF39 /* Login.swift */ = {isa = PBXFileReference; lastKnownFileType = sourcecode.swift; path = Login.swift; sourceTree = "<group>"; };
		DBD0BE812C87511E0058FF39 /* Home.swift */ = {isa = PBXFileReference; lastKnownFileType = sourcecode.swift; path = Home.swift; sourceTree = "<group>"; };
		DBD0BE832C87515A0058FF39 /* WorkoutSummary.swift */ = {isa = PBXFileReference; lastKnownFileType = sourcecode.swift; path = WorkoutSummary.swift; sourceTree = "<group>"; };
		DBD0BE852C8751940058FF39 /* CompletedWorkouts.swift */ = {isa = PBXFileReference; lastKnownFileType = sourcecode.swift; path = CompletedWorkouts.swift; sourceTree = "<group>"; };
		DBD0BE872C8752440058FF39 /* WorkoutPlans.swift */ = {isa = PBXFileReference; lastKnownFileType = sourcecode.swift; path = WorkoutPlans.swift; sourceTree = "<group>"; };
		DBD0BE892C8752630058FF39 /* Utilities.swift */ = {isa = PBXFileReference; lastKnownFileType = sourcecode.swift; path = Utilities.swift; sourceTree = "<group>"; };
		DBD0BE8B2C8810D90058FF39 /* WorkoutCreation.swift */ = {isa = PBXFileReference; lastKnownFileType = sourcecode.swift; path = WorkoutCreation.swift; sourceTree = "<group>"; };
/* End PBXFileReference section */

/* Begin PBXFrameworksBuildPhase section */
		DBADCED62C82C81F00E2AD15 /* Frameworks */ = {
			isa = PBXFrameworksBuildPhase;
			buildActionMask = 2147483647;
			files = (
				DBD0BE7C2C851D780058FF39 /* ComposableArchitecture in Frameworks */,
			);
			runOnlyForDeploymentPostprocessing = 0;
		};
		DBADCEE72C82C82100E2AD15 /* Frameworks */ = {
			isa = PBXFrameworksBuildPhase;
			buildActionMask = 2147483647;
			files = (
			);
			runOnlyForDeploymentPostprocessing = 0;
		};
		DBADCEF12C82C82100E2AD15 /* Frameworks */ = {
			isa = PBXFrameworksBuildPhase;
			buildActionMask = 2147483647;
			files = (
			);
			runOnlyForDeploymentPostprocessing = 0;
		};
/* End PBXFrameworksBuildPhase section */

/* Begin PBXGroup section */
		DBADCED02C82C81F00E2AD15 = {
			isa = PBXGroup;
			children = (
				DBADCEDB2C82C81F00E2AD15 /* Interval Trainer */,
				DBADCEED2C82C82100E2AD15 /* Interval TrainerTests */,
				DBADCEF72C82C82100E2AD15 /* Interval TrainerUITests */,
				DBADCEDA2C82C81F00E2AD15 /* Products */,
			);
			sourceTree = "<group>";
		};
		DBADCEDA2C82C81F00E2AD15 /* Products */ = {
			isa = PBXGroup;
			children = (
				DBADCED92C82C81F00E2AD15 /* Interval Trainer.app */,
				DBADCEEA2C82C82100E2AD15 /* Interval TrainerTests.xctest */,
				DBADCEF42C82C82100E2AD15 /* Interval TrainerUITests.xctest */,
			);
			name = Products;
			sourceTree = "<group>";
		};
		DBADCEDB2C82C81F00E2AD15 /* Interval Trainer */ = {
			isa = PBXGroup;
			children = (
				DBADCEDC2C82C81F00E2AD15 /* Interval_TrainerApp.swift */,
				DBD0BE7F2C8750F60058FF39 /* Login.swift */,
				DBD0BE832C87515A0058FF39 /* WorkoutSummary.swift */,
				DBD0BE852C8751940058FF39 /* CompletedWorkouts.swift */,
				DBD0BE872C8752440058FF39 /* WorkoutPlans.swift */,
				DBD0BE8B2C8810D90058FF39 /* WorkoutCreation.swift */,
				DBA02F3D2C8CCCF1001C7661 /* AddInterval.swift */,
				DBA02F452C8D670C001C7661 /* DuplicateInterval.swift */,
				DBD0BE812C87511E0058FF39 /* Home.swift */,
				DBD0BE7D2C8750CE0058FF39 /* AppFeature.swift */,
				DBA02F432C8D20FB001C7661 /* EditInterval.swift */,
				DBA02F412C8CD2B7001C7661 /* EditPhase.swift */,
				DBA02F3F2C8CD2B2001C7661 /* AddPhase.swift */,
				DBA02F472C8DDE73001C7661 /* PerformWorkout.swift */,
				DBA02F4D2C908B21001C7661 /* WorkoutComplete.swift */,
				DBD0BE892C8752630058FF39 /* Utilities.swift */,
				DBA02F4B2C8FD7C2001C7661 /* EditWorkout.swift */,
				DBADCEE02C82C82100E2AD15 /* Assets.xcassets */,
				DBADCEE52C82C82100E2AD15 /* Interval_Trainer.entitlements */,
				DBADCEE22C82C82100E2AD15 /* Preview Content */,
				DBA02F3B2C8BEC33001C7661 /* Launch Screen.storyboard */,
			);
			path = "Interval Trainer";
			sourceTree = "<group>";
		};
		DBADCEE22C82C82100E2AD15 /* Preview Content */ = {
			isa = PBXGroup;
			children = (
				DBADCEE32C82C82100E2AD15 /* Preview Assets.xcassets */,
			);
			path = "Preview Content";
			sourceTree = "<group>";
		};
		DBADCEED2C82C82100E2AD15 /* Interval TrainerTests */ = {
			isa = PBXGroup;
			children = (
				DBADCEEE2C82C82100E2AD15 /* Interval_TrainerTests.swift */,
			);
			path = "Interval TrainerTests";
			sourceTree = "<group>";
		};
		DBADCEF72C82C82100E2AD15 /* Interval TrainerUITests */ = {
			isa = PBXGroup;
			children = (
				DBADCEF82C82C82100E2AD15 /* Interval_TrainerUITests.swift */,
				DBADCEFA2C82C82100E2AD15 /* Interval_TrainerUITestsLaunchTests.swift */,
			);
			path = "Interval TrainerUITests";
			sourceTree = "<group>";
		};
/* End PBXGroup section */

/* Begin PBXNativeTarget section */
		DBADCED82C82C81F00E2AD15 /* Interval Trainer */ = {
			isa = PBXNativeTarget;
			buildConfigurationList = DBADCEFE2C82C82100E2AD15 /* Build configuration list for PBXNativeTarget "Interval Trainer" */;
			buildPhases = (
				DBADCED52C82C81F00E2AD15 /* Sources */,
				DBADCED62C82C81F00E2AD15 /* Frameworks */,
				DBADCED72C82C81F00E2AD15 /* Resources */,
			);
			buildRules = (
			);
			dependencies = (
			);
			name = "Interval Trainer";
			packageProductDependencies = (
				DBD0BE7B2C851D780058FF39 /* ComposableArchitecture */,
			);
			productName = "Interval Trainer";
			productReference = DBADCED92C82C81F00E2AD15 /* Interval Trainer.app */;
			productType = "com.apple.product-type.application";
		};
		DBADCEE92C82C82100E2AD15 /* Interval TrainerTests */ = {
			isa = PBXNativeTarget;
			buildConfigurationList = DBADCF012C82C82100E2AD15 /* Build configuration list for PBXNativeTarget "Interval TrainerTests" */;
			buildPhases = (
				DBADCEE62C82C82100E2AD15 /* Sources */,
				DBADCEE72C82C82100E2AD15 /* Frameworks */,
				DBADCEE82C82C82100E2AD15 /* Resources */,
			);
			buildRules = (
			);
			dependencies = (
				DBADCEEC2C82C82100E2AD15 /* PBXTargetDependency */,
			);
			name = "Interval TrainerTests";
			productName = "Interval TrainerTests";
			productReference = DBADCEEA2C82C82100E2AD15 /* Interval TrainerTests.xctest */;
			productType = "com.apple.product-type.bundle.unit-test";
		};
		DBADCEF32C82C82100E2AD15 /* Interval TrainerUITests */ = {
			isa = PBXNativeTarget;
			buildConfigurationList = DBADCF042C82C82100E2AD15 /* Build configuration list for PBXNativeTarget "Interval TrainerUITests" */;
			buildPhases = (
				DBADCEF02C82C82100E2AD15 /* Sources */,
				DBADCEF12C82C82100E2AD15 /* Frameworks */,
				DBADCEF22C82C82100E2AD15 /* Resources */,
			);
			buildRules = (
			);
			dependencies = (
				DBADCEF62C82C82100E2AD15 /* PBXTargetDependency */,
			);
			name = "Interval TrainerUITests";
			productName = "Interval TrainerUITests";
			productReference = DBADCEF42C82C82100E2AD15 /* Interval TrainerUITests.xctest */;
			productType = "com.apple.product-type.bundle.ui-testing";
		};
/* End PBXNativeTarget section */

/* Begin PBXProject section */
		DBADCED12C82C81F00E2AD15 /* Project object */ = {
			isa = PBXProject;
			attributes = {
				BuildIndependentTargetsInParallel = 1;
				LastSwiftUpdateCheck = 1420;
				LastUpgradeCheck = 1540;
				TargetAttributes = {
					DBADCED82C82C81F00E2AD15 = {
						CreatedOnToolsVersion = 14.2;
					};
					DBADCEE92C82C82100E2AD15 = {
						CreatedOnToolsVersion = 14.2;
						TestTargetID = DBADCED82C82C81F00E2AD15;
					};
					DBADCEF32C82C82100E2AD15 = {
						CreatedOnToolsVersion = 14.2;
						TestTargetID = DBADCED82C82C81F00E2AD15;
					};
				};
			};
			buildConfigurationList = DBADCED42C82C81F00E2AD15 /* Build configuration list for PBXProject "Interval Trainer" */;
			compatibilityVersion = "Xcode 14.0";
			developmentRegion = en;
			hasScannedForEncodings = 0;
			knownRegions = (
				en,
				Base,
			);
			mainGroup = DBADCED02C82C81F00E2AD15;
			packageReferences = (
				DBD0BE7A2C851D780058FF39 /* XCRemoteSwiftPackageReference "swift-composable-architecture" */,
			);
			productRefGroup = DBADCEDA2C82C81F00E2AD15 /* Products */;
			projectDirPath = "";
			projectRoot = "";
			targets = (
				DBADCED82C82C81F00E2AD15 /* Interval Trainer */,
				DBADCEE92C82C82100E2AD15 /* Interval TrainerTests */,
				DBADCEF32C82C82100E2AD15 /* Interval TrainerUITests */,
			);
		};
/* End PBXProject section */

/* Begin PBXResourcesBuildPhase section */
		DBADCED72C82C81F00E2AD15 /* Resources */ = {
			isa = PBXResourcesBuildPhase;
			buildActionMask = 2147483647;
			files = (
				DBA02F3C2C8BEC33001C7661 /* Launch Screen.storyboard in Resources */,
				DBADCEE42C82C82100E2AD15 /* Preview Assets.xcassets in Resources */,
				DBADCEE12C82C82100E2AD15 /* Assets.xcassets in Resources */,
			);
			runOnlyForDeploymentPostprocessing = 0;
		};
		DBADCEE82C82C82100E2AD15 /* Resources */ = {
			isa = PBXResourcesBuildPhase;
			buildActionMask = 2147483647;
			files = (
			);
			runOnlyForDeploymentPostprocessing = 0;
		};
		DBADCEF22C82C82100E2AD15 /* Resources */ = {
			isa = PBXResourcesBuildPhase;
			buildActionMask = 2147483647;
			files = (
			);
			runOnlyForDeploymentPostprocessing = 0;
		};
/* End PBXResourcesBuildPhase section */

/* Begin PBXSourcesBuildPhase section */
		DBADCED52C82C81F00E2AD15 /* Sources */ = {
			isa = PBXSourcesBuildPhase;
			buildActionMask = 2147483647;
			files = (
				DBD0BE8C2C8810D90058FF39 /* WorkoutCreation.swift in Sources */,
				DBA02F3E2C8CCCF1001C7661 /* AddInterval.swift in Sources */,
				DBA02F402C8CD2B2001C7661 /* AddPhase.swift in Sources */,
				DBD0BE802C8750F60058FF39 /* Login.swift in Sources */,
				DBA02F482C8DDE73001C7661 /* PerformWorkout.swift in Sources */,
				DBD0BE7E2C8750CE0058FF39 /* AppFeature.swift in Sources */,
				DBD0BE822C87511E0058FF39 /* Home.swift in Sources */,
				DBD0BE862C8751940058FF39 /* CompletedWorkouts.swift in Sources */,
				DBD0BE842C87515A0058FF39 /* WorkoutSummary.swift in Sources */,
				DBA02F442C8D20FB001C7661 /* EditInterval.swift in Sources */,
				DBA02F4E2C908B21001C7661 /* WorkoutComplete.swift in Sources */,
				DBD0BE882C8752440058FF39 /* WorkoutPlans.swift in Sources */,
				DBA02F462C8D670C001C7661 /* DuplicateInterval.swift in Sources */,
				DBA02F422C8CD2B7001C7661 /* EditPhase.swift in Sources */,
				DBA02F4C2C8FD7C2001C7661 /* EditWorkout.swift in Sources */,
				DBD0BE8A2C8752630058FF39 /* Utilities.swift in Sources */,
				DBADCEDD2C82C81F00E2AD15 /* Interval_TrainerApp.swift in Sources */,
			);
			runOnlyForDeploymentPostprocessing = 0;
		};
		DBADCEE62C82C82100E2AD15 /* Sources */ = {
			isa = PBXSourcesBuildPhase;
			buildActionMask = 2147483647;
			files = (
				DBADCEEF2C82C82100E2AD15 /* Interval_TrainerTests.swift in Sources */,
			);
			runOnlyForDeploymentPostprocessing = 0;
		};
		DBADCEF02C82C82100E2AD15 /* Sources */ = {
			isa = PBXSourcesBuildPhase;
			buildActionMask = 2147483647;
			files = (
				DBADCEF92C82C82100E2AD15 /* Interval_TrainerUITests.swift in Sources */,
				DBADCEFB2C82C82100E2AD15 /* Interval_TrainerUITestsLaunchTests.swift in Sources */,
			);
			runOnlyForDeploymentPostprocessing = 0;
		};
/* End PBXSourcesBuildPhase section */

/* Begin PBXTargetDependency section */
		DBADCEEC2C82C82100E2AD15 /* PBXTargetDependency */ = {
			isa = PBXTargetDependency;
			target = DBADCED82C82C81F00E2AD15 /* Interval Trainer */;
			targetProxy = DBADCEEB2C82C82100E2AD15 /* PBXContainerItemProxy */;
		};
		DBADCEF62C82C82100E2AD15 /* PBXTargetDependency */ = {
			isa = PBXTargetDependency;
			target = DBADCED82C82C81F00E2AD15 /* Interval Trainer */;
			targetProxy = DBADCEF52C82C82100E2AD15 /* PBXContainerItemProxy */;
		};
/* End PBXTargetDependency section */

/* Begin XCBuildConfiguration section */
		DBADCEFC2C82C82100E2AD15 /* Debug */ = {
			isa = XCBuildConfiguration;
			buildSettings = {
				ALWAYS_SEARCH_USER_PATHS = NO;
				CLANG_ANALYZER_NONNULL = YES;
				CLANG_ANALYZER_NUMBER_OBJECT_CONVERSION = YES_AGGRESSIVE;
				CLANG_CXX_LANGUAGE_STANDARD = "gnu++20";
				CLANG_ENABLE_MODULES = YES;
				CLANG_ENABLE_OBJC_ARC = YES;
				CLANG_ENABLE_OBJC_WEAK = YES;
				CLANG_WARN_BLOCK_CAPTURE_AUTORELEASING = YES;
				CLANG_WARN_BOOL_CONVERSION = YES;
				CLANG_WARN_COMMA = YES;
				CLANG_WARN_CONSTANT_CONVERSION = YES;
				CLANG_WARN_DEPRECATED_OBJC_IMPLEMENTATIONS = YES;
				CLANG_WARN_DIRECT_OBJC_ISA_USAGE = YES_ERROR;
				CLANG_WARN_DOCUMENTATION_COMMENTS = YES;
				CLANG_WARN_EMPTY_BODY = YES;
				CLANG_WARN_ENUM_CONVERSION = YES;
				CLANG_WARN_INFINITE_RECURSION = YES;
				CLANG_WARN_INT_CONVERSION = YES;
				CLANG_WARN_NON_LITERAL_NULL_CONVERSION = YES;
				CLANG_WARN_OBJC_IMPLICIT_RETAIN_SELF = YES;
				CLANG_WARN_OBJC_LITERAL_CONVERSION = YES;
				CLANG_WARN_OBJC_ROOT_CLASS = YES_ERROR;
				CLANG_WARN_QUOTED_INCLUDE_IN_FRAMEWORK_HEADER = YES;
				CLANG_WARN_RANGE_LOOP_ANALYSIS = YES;
				CLANG_WARN_STRICT_PROTOTYPES = YES;
				CLANG_WARN_SUSPICIOUS_MOVE = YES;
				CLANG_WARN_UNGUARDED_AVAILABILITY = YES_AGGRESSIVE;
				CLANG_WARN_UNREACHABLE_CODE = YES;
				CLANG_WARN__DUPLICATE_METHOD_MATCH = YES;
				COPY_PHASE_STRIP = NO;
				DEAD_CODE_STRIPPING = YES;
				DEBUG_INFORMATION_FORMAT = dwarf;
				ENABLE_STRICT_OBJC_MSGSEND = YES;
				ENABLE_TESTABILITY = YES;
				ENABLE_USER_SCRIPT_SANDBOXING = YES;
				GCC_C_LANGUAGE_STANDARD = gnu11;
				GCC_DYNAMIC_NO_PIC = NO;
				GCC_NO_COMMON_BLOCKS = YES;
				GCC_OPTIMIZATION_LEVEL = 0;
				GCC_PREPROCESSOR_DEFINITIONS = (
					"DEBUG=1",
					"$(inherited)",
				);
				GCC_WARN_64_TO_32_BIT_CONVERSION = YES;
				GCC_WARN_ABOUT_RETURN_TYPE = YES_ERROR;
				GCC_WARN_UNDECLARED_SELECTOR = YES;
				GCC_WARN_UNINITIALIZED_AUTOS = YES_AGGRESSIVE;
				GCC_WARN_UNUSED_FUNCTION = YES;
				GCC_WARN_UNUSED_VARIABLE = YES;
				MACOSX_DEPLOYMENT_TARGET = 12.6;
				MTL_ENABLE_DEBUG_INFO = INCLUDE_SOURCE;
				MTL_FAST_MATH = YES;
				ONLY_ACTIVE_ARCH = YES;
				SDKROOT = macosx;
				SWIFT_ACTIVE_COMPILATION_CONDITIONS = DEBUG;
				SWIFT_OPTIMIZATION_LEVEL = "-Onone";
			};
			name = Debug;
		};
		DBADCEFD2C82C82100E2AD15 /* Release */ = {
			isa = XCBuildConfiguration;
			buildSettings = {
				ALWAYS_SEARCH_USER_PATHS = NO;
				CLANG_ANALYZER_NONNULL = YES;
				CLANG_ANALYZER_NUMBER_OBJECT_CONVERSION = YES_AGGRESSIVE;
				CLANG_CXX_LANGUAGE_STANDARD = "gnu++20";
				CLANG_ENABLE_MODULES = YES;
				CLANG_ENABLE_OBJC_ARC = YES;
				CLANG_ENABLE_OBJC_WEAK = YES;
				CLANG_WARN_BLOCK_CAPTURE_AUTORELEASING = YES;
				CLANG_WARN_BOOL_CONVERSION = YES;
				CLANG_WARN_COMMA = YES;
				CLANG_WARN_CONSTANT_CONVERSION = YES;
				CLANG_WARN_DEPRECATED_OBJC_IMPLEMENTATIONS = YES;
				CLANG_WARN_DIRECT_OBJC_ISA_USAGE = YES_ERROR;
				CLANG_WARN_DOCUMENTATION_COMMENTS = YES;
				CLANG_WARN_EMPTY_BODY = YES;
				CLANG_WARN_ENUM_CONVERSION = YES;
				CLANG_WARN_INFINITE_RECURSION = YES;
				CLANG_WARN_INT_CONVERSION = YES;
				CLANG_WARN_NON_LITERAL_NULL_CONVERSION = YES;
				CLANG_WARN_OBJC_IMPLICIT_RETAIN_SELF = YES;
				CLANG_WARN_OBJC_LITERAL_CONVERSION = YES;
				CLANG_WARN_OBJC_ROOT_CLASS = YES_ERROR;
				CLANG_WARN_QUOTED_INCLUDE_IN_FRAMEWORK_HEADER = YES;
				CLANG_WARN_RANGE_LOOP_ANALYSIS = YES;
				CLANG_WARN_STRICT_PROTOTYPES = YES;
				CLANG_WARN_SUSPICIOUS_MOVE = YES;
				CLANG_WARN_UNGUARDED_AVAILABILITY = YES_AGGRESSIVE;
				CLANG_WARN_UNREACHABLE_CODE = YES;
				CLANG_WARN__DUPLICATE_METHOD_MATCH = YES;
				COPY_PHASE_STRIP = NO;
				DEAD_CODE_STRIPPING = YES;
				DEBUG_INFORMATION_FORMAT = "dwarf-with-dsym";
				ENABLE_NS_ASSERTIONS = NO;
				ENABLE_STRICT_OBJC_MSGSEND = YES;
				ENABLE_USER_SCRIPT_SANDBOXING = YES;
				GCC_C_LANGUAGE_STANDARD = gnu11;
				GCC_NO_COMMON_BLOCKS = YES;
				GCC_WARN_64_TO_32_BIT_CONVERSION = YES;
				GCC_WARN_ABOUT_RETURN_TYPE = YES_ERROR;
				GCC_WARN_UNDECLARED_SELECTOR = YES;
				GCC_WARN_UNINITIALIZED_AUTOS = YES_AGGRESSIVE;
				GCC_WARN_UNUSED_FUNCTION = YES;
				GCC_WARN_UNUSED_VARIABLE = YES;
				MACOSX_DEPLOYMENT_TARGET = 12.6;
				MTL_ENABLE_DEBUG_INFO = NO;
				MTL_FAST_MATH = YES;
				SDKROOT = macosx;
				SWIFT_COMPILATION_MODE = wholemodule;
				SWIFT_OPTIMIZATION_LEVEL = "-O";
			};
			name = Release;
		};
		DBADCEFF2C82C82100E2AD15 /* Debug */ = {
			isa = XCBuildConfiguration;
			buildSettings = {
				ASSETCATALOG_COMPILER_APPICON_NAME = AppIcon;
				ASSETCATALOG_COMPILER_GLOBAL_ACCENT_COLOR_NAME = AccentColor;
				CODE_SIGN_ENTITLEMENTS = "Interval Trainer/Interval_Trainer.entitlements";
				CODE_SIGN_STYLE = Automatic;
				COMBINE_HIDPI_IMAGES = YES;
				CURRENT_PROJECT_VERSION = 1;
				DEAD_CODE_STRIPPING = YES;
				DEVELOPMENT_ASSET_PATHS = "\"Interval Trainer/Preview Content\"";
				DEVELOPMENT_TEAM = F367FQQ7Q2;
				ENABLE_HARDENED_RUNTIME = YES;
				ENABLE_PREVIEWS = YES;
				GENERATE_INFOPLIST_FILE = YES;
				INFOPLIST_KEY_CFBundleDisplayName = "Interval Trainer";
				INFOPLIST_KEY_LSApplicationCategoryType = "public.app-category.healthcare-fitness";
				INFOPLIST_KEY_NSHumanReadableCopyright = "";
				INFOPLIST_KEY_UILaunchStoryboardName = "Launch Screen.storyboard";
				INFOPLIST_KEY_UISupportedInterfaceOrientations = "UIInterfaceOrientationLandscapeLeft UIInterfaceOrientationLandscapeRight UIInterfaceOrientationPortrait";
				INFOPLIST_KEY_UISupportedInterfaceOrientations_iPad = UIInterfaceOrientationPortrait;
				LD_RUNPATH_SEARCH_PATHS = (
					"$(inherited)",
					"@executable_path/../Frameworks",
				);
				MARKETING_VERSION = 1.0;
				PRODUCT_BUNDLE_IDENTIFIER = "com.kinnectus.Interval-Trainer";
				PRODUCT_NAME = "$(TARGET_NAME)";
				SUPPORTED_PLATFORMS = "iphoneos iphonesimulator macosx";
				SUPPORTS_MACCATALYST = NO;
				SWIFT_EMIT_LOC_STRINGS = YES;
				SWIFT_VERSION = 5.0;
				TARGETED_DEVICE_FAMILY = 1;
			};
			name = Debug;
		};
		DBADCF002C82C82100E2AD15 /* Release */ = {
			isa = XCBuildConfiguration;
			buildSettings = {
				ASSETCATALOG_COMPILER_APPICON_NAME = AppIcon;
				ASSETCATALOG_COMPILER_GLOBAL_ACCENT_COLOR_NAME = AccentColor;
				CODE_SIGN_ENTITLEMENTS = "Interval Trainer/Interval_Trainer.entitlements";
				CODE_SIGN_STYLE = Automatic;
				COMBINE_HIDPI_IMAGES = YES;
				CURRENT_PROJECT_VERSION = 1;
				DEAD_CODE_STRIPPING = YES;
				DEVELOPMENT_ASSET_PATHS = "\"Interval Trainer/Preview Content\"";
				DEVELOPMENT_TEAM = F367FQQ7Q2;
				ENABLE_HARDENED_RUNTIME = YES;
				ENABLE_PREVIEWS = YES;
				GENERATE_INFOPLIST_FILE = YES;
				INFOPLIST_KEY_CFBundleDisplayName = "Interval Trainer";
				INFOPLIST_KEY_LSApplicationCategoryType = "public.app-category.healthcare-fitness";
				INFOPLIST_KEY_NSHumanReadableCopyright = "";
				INFOPLIST_KEY_UILaunchStoryboardName = "Launch Screen.storyboard";
				INFOPLIST_KEY_UISupportedInterfaceOrientations = "UIInterfaceOrientationLandscapeLeft UIInterfaceOrientationLandscapeRight UIInterfaceOrientationPortrait";
				INFOPLIST_KEY_UISupportedInterfaceOrientations_iPad = UIInterfaceOrientationPortrait;
				LD_RUNPATH_SEARCH_PATHS = (
					"$(inherited)",
					"@executable_path/../Frameworks",
				);
				MARKETING_VERSION = 1.0;
				PRODUCT_BUNDLE_IDENTIFIER = "com.kinnectus.Interval-Trainer";
				PRODUCT_NAME = "$(TARGET_NAME)";
				SUPPORTED_PLATFORMS = "iphoneos iphonesimulator macosx";
				SUPPORTS_MACCATALYST = NO;
				SWIFT_EMIT_LOC_STRINGS = YES;
				SWIFT_VERSION = 5.0;
				TARGETED_DEVICE_FAMILY = 1;
			};
			name = Release;
		};
		DBADCF022C82C82100E2AD15 /* Debug */ = {
			isa = XCBuildConfiguration;
			buildSettings = {
				ALWAYS_EMBED_SWIFT_STANDARD_LIBRARIES = YES;
				BUNDLE_LOADER = "$(TEST_HOST)";
				CODE_SIGN_STYLE = Automatic;
				CURRENT_PROJECT_VERSION = 1;
				DEAD_CODE_STRIPPING = YES;
				DEVELOPMENT_TEAM = F367FQQ7Q2;
				GENERATE_INFOPLIST_FILE = YES;
				MACOSX_DEPLOYMENT_TARGET = 12.6;
				MARKETING_VERSION = 1.0;
				PRODUCT_BUNDLE_IDENTIFIER = "com.kinnectus.Interval-TrainerTests";
				PRODUCT_NAME = "$(TARGET_NAME)";
				SUPPORTED_PLATFORMS = "iphoneos iphonesimulator macosx";
				SUPPORTS_MACCATALYST = NO;
				SWIFT_EMIT_LOC_STRINGS = NO;
				SWIFT_VERSION = 5.0;
				TARGETED_DEVICE_FAMILY = 1;
				TEST_HOST = "$(BUILT_PRODUCTS_DIR)/Interval Trainer.app/$(BUNDLE_EXECUTABLE_FOLDER_PATH)/Interval Trainer";
			};
			name = Debug;
		};
		DBADCF032C82C82100E2AD15 /* Release */ = {
			isa = XCBuildConfiguration;
			buildSettings = {
				ALWAYS_EMBED_SWIFT_STANDARD_LIBRARIES = YES;
				BUNDLE_LOADER = "$(TEST_HOST)";
				CODE_SIGN_STYLE = Automatic;
				CURRENT_PROJECT_VERSION = 1;
				DEAD_CODE_STRIPPING = YES;
				DEVELOPMENT_TEAM = F367FQQ7Q2;
				GENERATE_INFOPLIST_FILE = YES;
				MACOSX_DEPLOYMENT_TARGET = 12.6;
				MARKETING_VERSION = 1.0;
				PRODUCT_BUNDLE_IDENTIFIER = "com.kinnectus.Interval-TrainerTests";
				PRODUCT_NAME = "$(TARGET_NAME)";
				SUPPORTED_PLATFORMS = "iphoneos iphonesimulator macosx";
				SUPPORTS_MACCATALYST = NO;
				SWIFT_EMIT_LOC_STRINGS = NO;
				SWIFT_VERSION = 5.0;
				TARGETED_DEVICE_FAMILY = 1;
				TEST_HOST = "$(BUILT_PRODUCTS_DIR)/Interval Trainer.app/$(BUNDLE_EXECUTABLE_FOLDER_PATH)/Interval Trainer";
			};
			name = Release;
		};
		DBADCF052C82C82100E2AD15 /* Debug */ = {
			isa = XCBuildConfiguration;
			buildSettings = {
				ALWAYS_EMBED_SWIFT_STANDARD_LIBRARIES = YES;
				CODE_SIGN_STYLE = Automatic;
				CURRENT_PROJECT_VERSION = 1;
				DEAD_CODE_STRIPPING = YES;
				DEVELOPMENT_TEAM = F367FQQ7Q2;
				GENERATE_INFOPLIST_FILE = YES;
				MARKETING_VERSION = 1.0;
				PRODUCT_BUNDLE_IDENTIFIER = "com.kinnectus.Interval-TrainerUITests";
				PRODUCT_NAME = "$(TARGET_NAME)";
				SWIFT_EMIT_LOC_STRINGS = NO;
				SWIFT_VERSION = 5.0;
				TEST_TARGET_NAME = "Interval Trainer";
			};
			name = Debug;
		};
		DBADCF062C82C82100E2AD15 /* Release */ = {
			isa = XCBuildConfiguration;
			buildSettings = {
				ALWAYS_EMBED_SWIFT_STANDARD_LIBRARIES = YES;
				CODE_SIGN_STYLE = Automatic;
				CURRENT_PROJECT_VERSION = 1;
				DEAD_CODE_STRIPPING = YES;
				DEVELOPMENT_TEAM = F367FQQ7Q2;
				GENERATE_INFOPLIST_FILE = YES;
				MARKETING_VERSION = 1.0;
				PRODUCT_BUNDLE_IDENTIFIER = "com.kinnectus.Interval-TrainerUITests";
				PRODUCT_NAME = "$(TARGET_NAME)";
				SWIFT_EMIT_LOC_STRINGS = NO;
				SWIFT_VERSION = 5.0;
				TEST_TARGET_NAME = "Interval Trainer";
			};
			name = Release;
		};
/* End XCBuildConfiguration section */

/* Begin XCConfigurationList section */
		DBADCED42C82C81F00E2AD15 /* Build configuration list for PBXProject "Interval Trainer" */ = {
			isa = XCConfigurationList;
			buildConfigurations = (
				DBADCEFC2C82C82100E2AD15 /* Debug */,
				DBADCEFD2C82C82100E2AD15 /* Release */,
			);
			defaultConfigurationIsVisible = 0;
			defaultConfigurationName = Release;
		};
		DBADCEFE2C82C82100E2AD15 /* Build configuration list for PBXNativeTarget "Interval Trainer" */ = {
			isa = XCConfigurationList;
			buildConfigurations = (
				DBADCEFF2C82C82100E2AD15 /* Debug */,
				DBADCF002C82C82100E2AD15 /* Release */,
			);
			defaultConfigurationIsVisible = 0;
			defaultConfigurationName = Release;
		};
		DBADCF012C82C82100E2AD15 /* Build configuration list for PBXNativeTarget "Interval TrainerTests" */ = {
			isa = XCConfigurationList;
			buildConfigurations = (
				DBADCF022C82C82100E2AD15 /* Debug */,
				DBADCF032C82C82100E2AD15 /* Release */,
			);
			defaultConfigurationIsVisible = 0;
			defaultConfigurationName = Release;
		};
		DBADCF042C82C82100E2AD15 /* Build configuration list for PBXNativeTarget "Interval TrainerUITests" */ = {
			isa = XCConfigurationList;
			buildConfigurations = (
				DBADCF052C82C82100E2AD15 /* Debug */,
				DBADCF062C82C82100E2AD15 /* Release */,
			);
			defaultConfigurationIsVisible = 0;
			defaultConfigurationName = Release;
		};
/* End XCConfigurationList section */

/* Begin XCRemoteSwiftPackageReference section */
		DBD0BE7A2C851D780058FF39 /* XCRemoteSwiftPackageReference "swift-composable-architecture" */ = {
			isa = XCRemoteSwiftPackageReference;
			repositoryURL = "https://github.com/pointfreeco/swift-composable-architecture";
			requirement = {
				kind = exactVersion;
				version = 1.14.0;
			};
		};
/* End XCRemoteSwiftPackageReference section */

/* Begin XCSwiftPackageProductDependency section */
		DBD0BE7B2C851D780058FF39 /* ComposableArchitecture */ = {
			isa = XCSwiftPackageProductDependency;
			package = DBD0BE7A2C851D780058FF39 /* XCRemoteSwiftPackageReference "swift-composable-architecture" */;
			productName = ComposableArchitecture;
		};
/* End XCSwiftPackageProductDependency section */
	};
	rootObject = DBADCED12C82C81F00E2AD15 /* Project object */;
}
